<?xml version="1.0" encoding="utf-8"?>
<Project ToolsVersion="4.0" xmlns="http://schemas.microsoft.com/developer/msbuild/2003">
  <ItemGroup>
    <Filter Include="Source Files">
      <UniqueIdentifier>{4FC737F1-C7A5-4376-A066-2A32D752A2FF}</UniqueIdentifier>
      <Extensions>cpp;c;cc;cxx;c++;cppm;ixx;def;odl;idl;hpj;bat;asm;asmx</Extensions>
    </Filter>
    <Filter Include="Header Files">
      <UniqueIdentifier>{93995380-89BD-4b04-88EB-625FBE52EBFB}</UniqueIdentifier>
      <Extensions>h;hh;hpp;hxx;h++;hm;inl;inc;ipp;xsd</Extensions>
    </Filter>
    <Filter Include="Resource Files">
      <UniqueIdentifier>{67DA6AB6-F800-4c08-8B7A-83BB121AAD01}</UniqueIdentifier>
      <Extensions>rc;ico;cur;bmp;dlg;rc2;rct;bin;rgs;gif;jpg;jpeg;jpe;resx;tiff;tif;png;wav;mfcribbon-ms</Extensions>
    </Filter>
    <Filter Include="Config">
      <UniqueIdentifier>{5c3de8f6-98f6-428c-99ac-ac37d6c1192b}</UniqueIdentifier>
    </Filter>
    <Filter Include="Additional Libraries">
      <UniqueIdentifier>{e211737e-5af5-42c0-b070-0d866aea1cce}</UniqueIdentifier>
    </Filter>
    <Filter Include="Additional Libraries\coreMQTT">
      <UniqueIdentifier>{7ee32915-6737-465a-9b4f-46a97c8832c2}</UniqueIdentifier>
    </Filter>
    <Filter Include="Additional Libraries\coreMQTT\include">
      <UniqueIdentifier>{436a06e1-8dc3-4620-a7bb-55f3479fd51c}</UniqueIdentifier>
    </Filter>
    <Filter Include="Additional Libraries\Backoff Algorithm">
      <UniqueIdentifier>{d9b88983-3018-4ce2-b989-bce0d9ed2869}</UniqueIdentifier>
    </Filter>
    <Filter Include="Additional Libraries\Backoff Algorithm\include">
      <UniqueIdentifier>{e96dc04e-c4ea-497d-a8b2-a6d3fe28d2f5}</UniqueIdentifier>
    </Filter>
    <Filter Include="Additional Network Transport Files">
      <UniqueIdentifier>{74d65d77-4301-4a58-9027-f550adf17030}</UniqueIdentifier>
    </Filter>
    <Filter Include="Additional Network Transport Files\TCP Sockets Wrapper">
      <UniqueIdentifier>{b99db9c9-e15b-48e7-9a84-c13b2beb1b6b}</UniqueIdentifier>
    </Filter>
    <Filter Include="Additional Network Transport Files\TCP Sockets Wrapper\include">
      <UniqueIdentifier>{cbbb933e-96a0-4e36-9803-cfa84580fd71}</UniqueIdentifier>
    </Filter>
    <Filter Include="Additional Network Transport Files\TCP Sockets Wrapper + MbedTLS Transport">
      <UniqueIdentifier>{bb1fcecb-0b74-4ba7-bed0-692572d5ffac}</UniqueIdentifier>
    </Filter>
    <Filter Include="Additional Network Transport Files\TCP Sockets Wrapper + MbedTLS Transport\include">
      <UniqueIdentifier>{fea74b8f-d16a-4d60-ab54-efdcfcc9d828}</UniqueIdentifier>
    </Filter>
    <Filter Include="Additional Network Transport Files\TCP Sockets Wrapper\ports">
      <UniqueIdentifier>{5dd8708c-c8c7-410b-9707-a85e39acaeb8}</UniqueIdentifier>
    </Filter>
  </ItemGroup>
  <ItemGroup>
    <ClCompile Include="..\..\..\Source\Application-Protocols\network_transport\transport_mbedtls.c">
      <Filter>Additional Network Transport Files\TCP Sockets Wrapper + MbedTLS Transport</Filter>
    </ClCompile>
    <ClCompile Include="..\..\..\Source\Application-Protocols\coreMQTT\source\core_mqtt.c">
      <Filter>Additional Libraries\coreMQTT</Filter>
    </ClCompile>
    <ClCompile Include="..\..\..\Source\Application-Protocols\coreMQTT\source\core_mqtt_serializer.c">
      <Filter>Additional Libraries\coreMQTT</Filter>
    </ClCompile>
    <ClCompile Include="..\..\..\Source\Application-Protocols\coreMQTT\source\core_mqtt_state.c">
      <Filter>Additional Libraries\coreMQTT</Filter>
    </ClCompile>
    <ClCompile Include="..\..\..\Source\Utilities\backoff_algorithm\source\backoff_algorithm.c">
      <Filter>Additional Libraries\Backoff Algorithm</Filter>
    </ClCompile>
    <ClCompile Include="DemoTasks\MutualAuthMQTTExample.c">
      <Filter>Source Files</Filter>
    </ClCompile>
    <ClCompile Include="..\Common\main.c">
      <Filter>Source Files</Filter>
    </ClCompile>
    <ClCompile Include="..\..\..\Source\Application-Protocols\network_transport\tcp_sockets_wrapper\ports\freertos_plus_tcp\tcp_sockets_wrapper.c">
      <Filter>Additional Network Transport Files\TCP Sockets Wrapper\ports</Filter>
    </ClCompile>
    <ClCompile Include="..\..\..\Source\Application-Protocols\network_transport\mbedtls_bio_tcp_sockets_wrapper.c">
      <Filter>Additional Network Transport Files\TCP Sockets Wrapper + MbedTLS Transport</Filter>
    </ClCompile>
  </ItemGroup>
  <ItemGroup>
    <ClInclude Include="..\..\..\Source\Application-Protocols\coreMQTT\source\include\core_mqtt.h">
      <Filter>Additional Libraries\coreMQTT\include</Filter>
    </ClInclude>
    <ClInclude Include="..\..\..\Source\Application-Protocols\coreMQTT\source\include\core_mqtt_config_defaults.h">
      <Filter>Additional Libraries\coreMQTT\include</Filter>
    </ClInclude>
    <ClInclude Include="..\..\..\Source\Application-Protocols\coreMQTT\source\include\core_mqtt_serializer.h">
      <Filter>Additional Libraries\coreMQTT\include</Filter>
    </ClInclude>
    <ClInclude Include="..\..\..\Source\Application-Protocols\coreMQTT\source\include\core_mqtt_state.h">
      <Filter>Additional Libraries\coreMQTT\include</Filter>
    </ClInclude>
    <ClInclude Include="..\..\..\Source\Utilities\backoff_algorithm\source\include\backoff_algorithm.h">
      <Filter>Additional Libraries\Backoff Algorithm\include</Filter>
    </ClInclude>
    <ClInclude Include="..\Common\core_mqtt_config.h">
      <Filter>Header Files</Filter>
    </ClInclude>
    <ClInclude Include="..\..\..\Source\Application-Protocols\network_transport\tcp_sockets_wrapper\include\tcp_sockets_wrapper.h">
      <Filter>Additional Network Transport Files\TCP Sockets Wrapper\include</Filter>
    </ClInclude>
    <ClInclude Include="demo_config.h">
      <Filter>Config</Filter>
    </ClInclude>
    <ClInclude Include="..\..\..\Source\Application-Protocols\network_transport\mbedtls_bio_tcp_sockets_wrapper.h">
      <Filter>Additional Network Transport Files\TCP Sockets Wrapper + MbedTLS Transport\include</Filter>
    </ClInclude>
    <ClInclude Include="..\..\..\Source\Application-Protocols\network_transport\transport_mbedtls.h">
      <Filter>Additional Network Transport Files\TCP Sockets Wrapper + MbedTLS Transport\include</Filter>
    </ClInclude>
  </ItemGroup>
</Project>