<?xml version="1.0" encoding="utf-8"?>
<Project ToolsVersion="4.0" xmlns="http://schemas.microsoft.com/developer/msbuild/2003">
  <ItemGroup>
    <Filter Include="Resource Files">
      <UniqueIdentifier>{67DA6AB6-F800-4c08-8B7A-83BB121AAD01}</UniqueIdentifier>
      <Extensions>rc;ico;cur;bmp;dlg;rc2;rct;bin;rgs;gif;jpg;jpeg;jpe;resx;tiff;tif;png;wav;mfcribbon-ms</Extensions>
    </Filter>
    <Filter Include="Config">
      <UniqueIdentifier>{0da51220-8bed-4caf-b2aa-873bfea093e6}</UniqueIdentifier>
    </Filter>
    <Filter Include="Additional Libraries">
      <UniqueIdentifier>{0859f27c-e810-4c5d-b58c-20781298e5bc}</UniqueIdentifier>
    </Filter>
    <Filter Include="Additional Libraries\coreMQTT">
      <UniqueIdentifier>{c0ae9251-11ab-4be8-b8cb-49862d0ee3bb}</UniqueIdentifier>
    </Filter>
    <Filter Include="Additional Libraries\coreMQTT\include">
      <UniqueIdentifier>{419b9d40-6a57-44bb-9108-313f44457d08}</UniqueIdentifier>
    </Filter>
    <Filter Include="Additional Libraries\coreMQTT\interface">
      <UniqueIdentifier>{ab569f57-b030-426e-af8a-4311acbddfd2}</UniqueIdentifier>
    </Filter>
    <Filter Include="Additional Network Transport Files">
      <UniqueIdentifier>{b3505093-7ddd-4e53-b273-fd7a79c338b9}</UniqueIdentifier>
    </Filter>
    <Filter Include="Additional Libraries\Backoff Algorithm">
      <UniqueIdentifier>{ebb2e3e4-1878-412f-83f2-f4345bcb1142}</UniqueIdentifier>
    </Filter>
    <Filter Include="Additional Libraries\Backoff Algorithm\include">
      <UniqueIdentifier>{db3fbd19-b65e-4783-bcc7-96e50960613e}</UniqueIdentifier>
    </Filter>
    <Filter Include="Source">
      <UniqueIdentifier>{4FC737F1-C7A5-4376-A066-2A32D752A2FF}</UniqueIdentifier>
      <Extensions>cpp;c;cc;cxx;c++;cppm;ixx;def;odl;idl;hpj;bat;asm;asmx</Extensions>
    </Filter>
    <Filter Include="Headers">
      <UniqueIdentifier>{93995380-89BD-4b04-88EB-625FBE52EBFB}</UniqueIdentifier>
      <Extensions>h;hh;hpp;hxx;h++;hm;inl;inc;ipp;xsd</Extensions>
    </Filter>
    <Filter Include="Additional Network Transport Files\TCP Sockets Wrapper">
      <UniqueIdentifier>{515fa98c-9051-4c5b-84c2-6fddd7d9d496}</UniqueIdentifier>
    </Filter>
    <Filter Include="Additional Network Transport Files\TCP Sockets Wrapper + MbedTLS Transport">
      <UniqueIdentifier>{ac434eb3-8879-48dc-91f7-02233b416f01}</UniqueIdentifier>
    </Filter>
    <Filter Include="Additional Network Transport Files\TCP Sockets Wrapper\include">
      <UniqueIdentifier>{20a28667-7df8-450e-a195-b32360664cdb}</UniqueIdentifier>
    </Filter>
    <Filter Include="Additional Network Transport Files\TCP Sockets Wrapper\ports">
      <UniqueIdentifier>{b70eeb00-b1db-48e4-b2fd-b82f0decd003}</UniqueIdentifier>
    </Filter>
    <Filter Include="Additional Network Transport Files\TCP Sockets Wrapper + MbedTLS Transport\include">
      <UniqueIdentifier>{b0596e1f-bc18-4977-ae07-2fed4fdd217d}</UniqueIdentifier>
    </Filter>
  </ItemGroup>
  <ItemGroup>
    <ClInclude Include="..\Common\core_mqtt_config.h">
      <Filter>Headers</Filter>
    </ClInclude>
    <ClInclude Include="..\..\..\Source\Utilities\backoff_algorithm\source\include\backoff_algorithm.h">
      <Filter>Additional Libraries\Backoff Algorithm\include</Filter>
    </ClInclude>
    <ClInclude Include="..\..\..\Source\Application-Protocols\coreMQTT\source\include\core_mqtt.h">
      <Filter>Additional Libraries\coreMQTT\include</Filter>
    </ClInclude>
    <ClInclude Include="..\..\..\Source\Application-Protocols\coreMQTT\source\include\core_mqtt_serializer.h">
      <Filter>Additional Libraries\coreMQTT\include</Filter>
    </ClInclude>
    <ClInclude Include="..\..\..\Source\Application-Protocols\coreMQTT\source\include\core_mqtt_state.h">
      <Filter>Additional Libraries\coreMQTT\include</Filter>
    </ClInclude>
    <ClInclude Include="..\..\..\Source\Application-Protocols\coreMQTT\source\interface\transport_interface.h">
      <Filter>Additional Libraries\coreMQTT\interface</Filter>
    </ClInclude>
    <ClInclude Include="demo_config.h">
      <Filter>Config</Filter>
    </ClInclude>
    <ClInclude Include="..\..\..\Source\Application-Protocols\network_transport\tcp_sockets_wrapper\include\tcp_sockets_wrapper.h">
      <Filter>Additional Network Transport Files\TCP Sockets Wrapper\include</Filter>
    </ClInclude>
    <ClInclude Include="..\..\..\Source\Application-Protocols\network_transport\transport_mbedtls.h">
      <Filter>Additional Network Transport Files\TCP Sockets Wrapper + MbedTLS Transport\include</Filter>
    </ClInclude>
    <ClInclude Include="..\..\..\Source\Application-Protocols\network_transport\mbedtls_bio_tcp_sockets_wrapper.h">
      <Filter>Additional Network Transport Files\TCP Sockets Wrapper + MbedTLS Transport\include</Filter>
    </ClInclude>
  </ItemGroup>
  <ItemGroup>
    <ClCompile Include="DemoTasks\BasicTLSMQTTExample.c">
      <Filter>Source</Filter>
    </ClCompile>
    <ClCompile Include="..\Common\main.c">
      <Filter>Source</Filter>
    </ClCompile>
    <ClCompile Include="..\..\..\Source\Utilities\backoff_algorithm\source\backoff_algorithm.c">
      <Filter>Additional Libraries\Backoff Algorithm</Filter>
    </ClCompile>
    <ClCompile Include="..\..\..\Source\Application-Protocols\coreMQTT\source\core_mqtt.c">
      <Filter>Additional Libraries\coreMQTT</Filter>
    </ClCompile>
    <ClCompile Include="..\..\..\Source\Application-Protocols\coreMQTT\source\core_mqtt_serializer.c">
      <Filter>Additional Libraries\coreMQTT</Filter>
    </ClCompile>
    <ClCompile Include="..\..\..\Source\Application-Protocols\coreMQTT\source\core_mqtt_state.c">
      <Filter>Additional Libraries\coreMQTT</Filter>
    </ClCompile>
    <ClCompile Include="..\..\..\Source\Application-Protocols\network_transport\tcp_sockets_wrapper\ports\freertos_plus_tcp\tcp_sockets_wrapper.c">
      <Filter>Additional Network Transport Files\TCP Sockets Wrapper\ports</Filter>
    </ClCompile>
    <ClCompile Include="..\..\..\Source\Application-Protocols\network_transport\transport_mbedtls.c">
      <Filter>Additional Network Transport Files\TCP Sockets Wrapper + MbedTLS Transport</Filter>
    </ClCompile>
    <ClCompile Include="..\..\..\Source\Application-Protocols\network_transport\mbedtls_bio_tcp_sockets_wrapper.c">
      <Filter>Additional Network Transport Files\TCP Sockets Wrapper + MbedTLS Transport</Filter>
    </ClCompile>
  </ItemGroup>
</Project>