Microsoft Visual Studio Solution File, Format Version 12.00
# Visual Studio Version 16
VisualStudioVersion = 16.0.32929.386
MinimumVisualStudioVersion = 10.0.40219.1
Project("{8BC9CEB8-8B4A-11D0-8D11-00A0C91BC942}") = "FreeRTOS_Plus_WolfSSL_Windows_Simulator", "FreeRTOS_Plus_WolfSSL_Windows_Simulator.vcxproj", "{C8144D60-5005-4111-841E-FA3529F84A8B}"
EndProject
Project("{8BC9CEB8-8B4A-11D0-8D11-00A0C91BC942}") = "FreeRTOS+TCP", "..\..\VisualStudio_StaticProjects\FreeRTOS+TCP\FreeRTOS+TCP.vcxproj", "{C90E6CC5-818B-4C97-8876-0986D989387C}"
EndProject
Project("{8BC9CEB8-8B4A-11D0-8D11-00A0C91BC942}") = "FreeRTOS-Kernel", "..\..\VisualStudio_StaticProjects\FreeRTOS-Kernel\FreeRTOS-Kernel.vcxproj", "{72C209C4-49A4-4942-A201-44706C9D77EC}"
EndProject
Project("{8BC9CEB8-8B4A-11D0-8D11-00A0C91BC942}") = "Logging", "..\..\VisualStudio_StaticProjects\Logging\Logging.vcxproj", "{BE362AC0-B10B-4276-B84E-6304652BA228}"
EndProject
Project("{2150E333-8FDC-42A3-9474-1A3956D46DE8}") = "Statically Linked Libraries", "Statically Linked Libraries", "{859BA71E-DC13-41CE-A405-0F83CC78F7BF}"
EndProject
Global
	GlobalSection(SolutionConfigurationPlatforms) = preSolution
		Debug_with_Libslirp|Win32 = Debug_with_Libslirp|Win32
		Debug|Win32 = Debug|Win32
	EndGlobalSection
	GlobalSection(ProjectConfigurationPlatforms) = postSolution
		{C8144D60-5005-4111-841E-FA3529F84A8B}.Debug_with_Libslirp|Win32.ActiveCfg = Debug_with_Libslirp|Win32
		{C8144D60-5005-4111-841E-FA3529F84A8B}.Debug_with_Libslirp|Win32.Build.0 = Debug_with_Libslirp|Win32
		{C8144D60-5005-4111-841E-FA3529F84A8B}.Debug|Win32.ActiveCfg = Debug|Win32
		{C8144D60-5005-4111-841E-FA3529F84A8B}.Debug|Win32.Build.0 = Debug|Win32
		{C90E6CC5-818B-4C97-8876-0986D989387C}.Debug_with_Libslirp|Win32.ActiveCfg = Debug_with_Libslirp|Win32
		{C90E6CC5-818B-4C97-8876-0986D989387C}.Debug_with_Libslirp|Win32.Build.0 = Debug_with_Libslirp|Win32
		{C90E6CC5-818B-4C97-8876-0986D989387C}.Debug|Win32.ActiveCfg = Debug|Win32
		{C90E6CC5-818B-4C97-8876-0986D989387C}.Debug|Win32.Build.0 = Debug|Win32
		{72C209C4-49A4-4942-A201-44706C9D77EC}.Debug_with_Libslirp|Win32.ActiveCfg = Debug_with_Libslirp|Win32
		{72C209C4-49A4-4942-A201-44706C9D77EC}.Debug_with_Libslirp|Win32.Build.0 = Debug_with_Libslirp|Win32
		{72C209C4-49A4-4942-A201-44706C9D77EC}.Debug|Win32.ActiveCfg = Debug|Win32
		{72C209C4-49A4-4942-A201-44706C9D77EC}.Debug|Win32.Build.0 = Debug|Win32
		{BE362AC0-B10B-4276-B84E-6304652BA228}.Debug_with_Libslirp|Win32.ActiveCfg = Debug_with_Libslirp|Win32
		{BE362AC0-B10B-4276-B84E-6304652BA228}.Debug_with_Libslirp|Win32.Build.0 = Debug_with_Libslirp|Win32
		{BE362AC0-B10B-4276-B84E-6304652BA228}.Debug|Win32.ActiveCfg = Debug|Win32
		{BE362AC0-B10B-4276-B84E-6304652BA228}.Debug|Win32.Build.0 = Debug|Win32
	EndGlobalSection
	GlobalSection(SolutionProperties) = preSolution
		HideSolutionNode = FALSE
	EndGlobalSection
	GlobalSection(NestedProjects) = preSolution
		{C90E6CC5-818B-4C97-8876-0986D989387C} = {859BA71E-DC13-41CE-A405-0F83CC78F7BF}
		{72C209C4-49A4-4942-A201-44706C9D77EC} = {859BA71E-DC13-41CE-A405-0F83CC78F7BF}
		{BE362AC0-B10B-4276-B84E-6304652BA228} = {859BA71E-DC13-41CE-A405-0F83CC78F7BF}
	EndGlobalSection
	GlobalSection(ExtensibilityGlobals) = postSolution
		SolutionGuid = {77AB32C6-C9AC-4247-A3E4-D11153F3B741}
	EndGlobalSection
EndGlobal
