
Microsoft Visual Studio Solution File, Format Version 12.00
# Visual Studio Version 17
VisualStudioVersion = 17.3.32819.101
MinimumVisualStudioVersion = 10.0.40219.1
Project("{8BC9CEB8-8B4A-11D0-8D11-00A0C91BC942}") = "FreeRTOS+TCP", "FreeRTOS+TCP.vcxproj", "{C90E6CC5-818B-4C97-8876-0986D989387C}"
EndProject
Project("{8BC9CEB8-8B4A-11D0-8D11-00A0C91BC942}") = "FreeRTOS-Kernel", "FreeRTOS-Kernel.vcxproj", "{72C209C4-49A4-4942-A201-44706C9D77EC}"
EndProject
Project("{8BC9CEB8-8B4A-11D0-8D11-00A0C91BC942}") = "MbedTLS", "MbedTLS.vcxproj", "{E1016F3E-94E9-4864-9FD8-1D7C1FEFBFD7}"
EndProject
Global
	GlobalSection(SolutionConfigurationPlatforms) = preSolution
		Debug|x64 = Debug|x64
		Debug|x86 = Debug|x86
		Release|x64 = Release|x64
		Release|x86 = Release|x86
	EndGlobalSection
	GlobalSection(ProjectConfigurationPlatforms) = postSolution
		{C90E6CC5-818B-4C97-8876-0986D989387C}.Debug|x64.ActiveCfg = Debug|x64
		{C90E6CC5-818B-4C97-8876-0986D989387C}.Debug|x64.Build.0 = Debug|x64
		{C90E6CC5-818B-4C97-8876-0986D989387C}.Debug|x86.ActiveCfg = Debug|Win32
		{C90E6CC5-818B-4C97-8876-0986D989387C}.Debug|x86.Build.0 = Debug|Win32
		{C90E6CC5-818B-4C97-8876-0986D989387C}.Release|x64.ActiveCfg = Release|x64
		{C90E6CC5-818B-4C97-8876-0986D989387C}.Release|x64.Build.0 = Release|x64
		{C90E6CC5-818B-4C97-8876-0986D989387C}.Release|x86.ActiveCfg = Release|Win32
		{C90E6CC5-818B-4C97-8876-0986D989387C}.Release|x86.Build.0 = Release|Win32
		{72C209C4-49A4-4942-A201-44706C9D77EC}.Debug|x64.ActiveCfg = Debug|x64
		{72C209C4-49A4-4942-A201-44706C9D77EC}.Debug|x64.Build.0 = Debug|x64
		{72C209C4-49A4-4942-A201-44706C9D77EC}.Debug|x86.ActiveCfg = Debug|Win32
		{72C209C4-49A4-4942-A201-44706C9D77EC}.Debug|x86.Build.0 = Debug|Win32
		{72C209C4-49A4-4942-A201-44706C9D77EC}.Release|x64.ActiveCfg = Release|x64
		{72C209C4-49A4-4942-A201-44706C9D77EC}.Release|x64.Build.0 = Release|x64
		{72C209C4-49A4-4942-A201-44706C9D77EC}.Release|x86.ActiveCfg = Release|Win32
		{72C209C4-49A4-4942-A201-44706C9D77EC}.Release|x86.Build.0 = Release|Win32
		{E1016F3E-94E9-4864-9FD8-1D7C1FEFBFD7}.Debug|x64.ActiveCfg = Debug|x64
		{E1016F3E-94E9-4864-9FD8-1D7C1FEFBFD7}.Debug|x64.Build.0 = Debug|x64
		{E1016F3E-94E9-4864-9FD8-1D7C1FEFBFD7}.Debug|x86.ActiveCfg = Debug|Win32
		{E1016F3E-94E9-4864-9FD8-1D7C1FEFBFD7}.Debug|x86.Build.0 = Debug|Win32
		{E1016F3E-94E9-4864-9FD8-1D7C1FEFBFD7}.Release|x64.ActiveCfg = Release|x64
		{E1016F3E-94E9-4864-9FD8-1D7C1FEFBFD7}.Release|x64.Build.0 = Release|x64
		{E1016F3E-94E9-4864-9FD8-1D7C1FEFBFD7}.Release|x86.ActiveCfg = Release|Win32
		{E1016F3E-94E9-4864-9FD8-1D7C1FEFBFD7}.Release|x86.Build.0 = Release|Win32
	EndGlobalSection
	GlobalSection(SolutionProperties) = preSolution
		HideSolutionNode = FALSE
	EndGlobalSection
	GlobalSection(ExtensibilityGlobals) = postSolution
		SolutionGuid = {7FF11C8F-8F21-4D4D-9881-D9D35E3F70B3}
	EndGlobalSection
EndGlobal
