<?xml version="1.0" encoding="utf-8"?>
<Project ToolsVersion="4.0" xmlns="http://schemas.microsoft.com/developer/msbuild/2003">
  <ItemGroup>
    <Filter Include="Source Files">
      <UniqueIdentifier>{2408c112-fd04-4d6e-b8ec-0ba0789224ae}</UniqueIdentifier>
      <Extensions>cpp;c;cxx;rc;def;r;odl;idl;hpj;bat</Extensions>
    </Filter>
    <Filter Include="Source Files\AcpiXtract">
      <UniqueIdentifier>{c6afc8ed-a054-4b0b-8a8b-bde58a2d9f5d}</UniqueIdentifier>
    </Filter>
    <Filter Include="Source Files\Common">
      <UniqueIdentifier>{2969d2f9-9c56-4565-8737-2f5594a74f10}</UniqueIdentifier>
    </Filter>
    <Filter Include="Source Files\Utilities">
      <UniqueIdentifier>{ea8c490e-0701-4b38-8588-e398a4c75ca3}</UniqueIdentifier>
    </Filter>
    <Filter Include="Header Files">
      <UniqueIdentifier>{6cd899e6-e354-4972-9456-d3d916d0e23c}</UniqueIdentifier>
      <Extensions>h;hpp;hxx;hm;inl</Extensions>
    </Filter>
    <Filter Include="Resource Files">
      <UniqueIdentifier>{7fda67f4-eed5-4516-810b-0dfa67853d68}</UniqueIdentifier>
      <Extensions>ico;cur;bmp;dlg;rc2;rct;bin;rgs;gif;jpg;jpeg;jpe</Extensions>
    </Filter>
  </ItemGroup>
  <ItemGroup>
    <ClCompile Include="..\..\source\tools\AcpiXtract\acpixtract.c">
      <Filter>Source Files\AcpiXtract</Filter>
    </ClCompile>
    <ClCompile Include="..\..\source\tools\acpixtract\axmain.c">
      <Filter>Source Files\AcpiXtract</Filter>
    </ClCompile>
    <ClCompile Include="..\..\source\tools\acpixtract\axutils.c">
      <Filter>Source Files\AcpiXtract</Filter>
    </ClCompile>
    <ClCompile Include="..\..\source\common\getopt.c">
      <Filter>Source Files\Common</Filter>
    </ClCompile>
    <ClCompile Include="..\..\source\os_specific\service_layers\oswinxf.c">
      <Filter>Source Files\Common</Filter>
    </ClCompile>
    <ClCompile Include="..\..\source\components\utilities\utascii.c">
      <Filter>Source Files\Utilities</Filter>
    </ClCompile>
    <ClCompile Include="..\..\source\components\utilities\utdebug.c">
      <Filter>Source Files\Utilities</Filter>
    </ClCompile>
    <ClCompile Include="..\..\source\components\utilities\utexcep.c">
      <Filter>Source Files\Utilities</Filter>
    </ClCompile>
    <ClCompile Include="..\..\source\components\utilities\utglobal.c">
      <Filter>Source Files\Utilities</Filter>
    </ClCompile>
    <ClCompile Include="..\..\source\components\utilities\utmath.c">
      <Filter>Source Files\Utilities</Filter>
    </ClCompile>
    <ClCompile Include="..\..\source\components\utilities\utnonansi.c">
      <Filter>Source Files\Utilities</Filter>
    </ClCompile>
    <ClCompile Include="..\..\source\components\utilities\utxferror.c">
      <Filter>Source Files\Utilities</Filter>
    </ClCompile>
  </ItemGroup>
</Project>