<?xml version="1.0" encoding="utf-8"?>
<Project ToolsVersion="4.0" xmlns="http://schemas.microsoft.com/developer/msbuild/2003">
  <ItemGroup>
    <Filter Include="FreeRTOS+">
      <UniqueIdentifier>{e5ad4ec7-23dc-4295-8add-2acaee488f5a}</UniqueIdentifier>
    </Filter>
    <Filter Include="DemoTasks">
      <UniqueIdentifier>{b71e974a-9f28-4815-972b-d930ba8a34d0}</UniqueIdentifier>
    </Filter>
    <Filter Include="Libraries">
      <UniqueIdentifier>{b34b7d37-9bff-41ac-b6a9-849bb3da790a}</UniqueIdentifier>
    </Filter>
    <Filter Include="Libraries\backoff_algorithm">
      <UniqueIdentifier>{26da2e92-d2cc-45bf-ab30-8e1171a28578}</UniqueIdentifier>
    </Filter>
    <Filter Include="Libraries\backoff_algorithm\include">
      <UniqueIdentifier>{1e84e441-f597-4e10-b476-d89c026dd16e}</UniqueIdentifier>
    </Filter>
    <Filter Include="Libraries\coreMQTT">
      <UniqueIdentifier>{2d7875b9-6040-413b-be28-ccab70bacf45}</UniqueIdentifier>
    </Filter>
    <Filter Include="Libraries\coreMQTT\include">
      <UniqueIdentifier>{6ad56e6d-c330-4830-8f4b-c75b05dfa866}</UniqueIdentifier>
    </Filter>
    <Filter Include="Libraries\network_transport">
      <UniqueIdentifier>{c5c63fb4-8831-4eab-9612-95d4cc864c15}</UniqueIdentifier>
    </Filter>
    <Filter Include="Libraries\wolfSSL">
      <UniqueIdentifier>{90bcf555-1d56-4512-85b0-dafefb542437}</UniqueIdentifier>
    </Filter>
    <Filter Include="Libraries\wolfSSL\wolfcrypt">
      <UniqueIdentifier>{617d7848-f326-4873-8006-bb13604861e6}</UniqueIdentifier>
    </Filter>
    <Filter Include="Libraries\wolfSSL\wolfcrypt\include">
      <UniqueIdentifier>{c1be3c08-d159-45ef-be6f-eb32bd235015}</UniqueIdentifier>
    </Filter>
    <Filter Include="Libraries\wolfSSL\wolfcrypt\source">
      <UniqueIdentifier>{93eb4d69-0f79-41a9-8101-68c1ddf755ee}</UniqueIdentifier>
    </Filter>
    <Filter Include="Libraries\wolfSSL\include">
      <UniqueIdentifier>{5599e5a4-2ff0-4ec0-8082-e9dc20d17723}</UniqueIdentifier>
    </Filter>
    <Filter Include="Libraries\wolfSSL\source">
      <UniqueIdentifier>{01240ff7-3a87-4cdd-9adb-b3f44b39f1be}</UniqueIdentifier>
    </Filter>
    <Filter Include="Libraries\network_transport\sockets_wrapper">
      <UniqueIdentifier>{2711a83b-f983-4c9e-923b-5e182733c7c3}</UniqueIdentifier>
    </Filter>
    <Filter Include="Libraries\network_transport\sockets_wrapper\freertos_plus_tcp">
      <UniqueIdentifier>{371386a6-ca3b-4488-ac67-349984357769}</UniqueIdentifier>
    </Filter>
    <Filter Include="Header Files">
      <UniqueIdentifier>{a3bc0245-a552-43a3-828c-76334f37f837}</UniqueIdentifier>
    </Filter>
  </ItemGroup>
  <ItemGroup>
    <ClCompile Include="..\Common\main.c" />
    <ClCompile Include="DemoTasks\MutualAuthMQTTExample.c">
      <Filter>DemoTasks</Filter>
    </ClCompile>
    <ClCompile Include="..\..\..\ThirdParty\wolfSSL\src\bio.c">
      <Filter>Libraries\wolfSSL\source</Filter>
    </ClCompile>
    <ClCompile Include="..\..\..\ThirdParty\wolfSSL\src\crl.c">
      <Filter>Libraries\wolfSSL\source</Filter>
    </ClCompile>
    <ClCompile Include="..\..\..\ThirdParty\wolfSSL\src\internal.c">
      <Filter>Libraries\wolfSSL\source</Filter>
    </ClCompile>
    <ClCompile Include="..\..\..\ThirdParty\wolfSSL\src\keys.c">
      <Filter>Libraries\wolfSSL\source</Filter>
    </ClCompile>
    <ClCompile Include="..\..\..\ThirdParty\wolfSSL\src\ocsp.c">
      <Filter>Libraries\wolfSSL\source</Filter>
    </ClCompile>
    <ClCompile Include="..\..\..\ThirdParty\wolfSSL\src\sniffer.c">
      <Filter>Libraries\wolfSSL\source</Filter>
    </ClCompile>
    <ClCompile Include="..\..\..\ThirdParty\wolfSSL\src\ssl.c">
      <Filter>Libraries\wolfSSL\source</Filter>
    </ClCompile>
    <ClCompile Include="..\..\..\ThirdParty\wolfSSL\src\tls.c">
      <Filter>Libraries\wolfSSL\source</Filter>
    </ClCompile>
    <ClCompile Include="..\..\..\ThirdParty\wolfSSL\src\tls13.c">
      <Filter>Libraries\wolfSSL\source</Filter>
    </ClCompile>
    <ClCompile Include="..\..\..\ThirdParty\wolfSSL\src\wolfio.c">
      <Filter>Libraries\wolfSSL\source</Filter>
    </ClCompile>
    <ClCompile Include="..\..\..\ThirdParty\wolfSSL\wolfcrypt\src\aes.c">
      <Filter>Libraries\wolfSSL\wolfcrypt\source</Filter>
    </ClCompile>
    <ClCompile Include="..\..\..\ThirdParty\wolfSSL\wolfcrypt\src\arc4.c">
      <Filter>Libraries\wolfSSL\wolfcrypt\source</Filter>
    </ClCompile>
    <ClCompile Include="..\..\..\ThirdParty\wolfSSL\wolfcrypt\src\asm.c">
      <Filter>Libraries\wolfSSL\wolfcrypt\source</Filter>
    </ClCompile>
    <ClCompile Include="..\..\..\ThirdParty\wolfSSL\wolfcrypt\src\asn.c">
      <Filter>Libraries\wolfSSL\wolfcrypt\source</Filter>
    </ClCompile>
    <ClCompile Include="..\..\..\ThirdParty\wolfSSL\wolfcrypt\src\blake2b.c">
      <Filter>Libraries\wolfSSL\wolfcrypt\source</Filter>
    </ClCompile>
    <ClCompile Include="..\..\..\ThirdParty\wolfSSL\wolfcrypt\src\blake2s.c">
      <Filter>Libraries\wolfSSL\wolfcrypt\source</Filter>
    </ClCompile>
    <ClCompile Include="..\..\..\ThirdParty\wolfSSL\wolfcrypt\src\camellia.c">
      <Filter>Libraries\wolfSSL\wolfcrypt\source</Filter>
    </ClCompile>
    <ClCompile Include="..\..\..\ThirdParty\wolfSSL\wolfcrypt\src\chacha.c">
      <Filter>Libraries\wolfSSL\wolfcrypt\source</Filter>
    </ClCompile>
    <ClCompile Include="..\..\..\ThirdParty\wolfSSL\wolfcrypt\src\chacha20_poly1305.c">
      <Filter>Libraries\wolfSSL\wolfcrypt\source</Filter>
    </ClCompile>
    <ClCompile Include="..\..\..\ThirdParty\wolfSSL\wolfcrypt\src\cmac.c">
      <Filter>Libraries\wolfSSL\wolfcrypt\source</Filter>
    </ClCompile>
    <ClCompile Include="..\..\..\ThirdParty\wolfSSL\wolfcrypt\src\coding.c">
      <Filter>Libraries\wolfSSL\wolfcrypt\source</Filter>
    </ClCompile>
    <ClCompile Include="..\..\..\ThirdParty\wolfSSL\wolfcrypt\src\compress.c">
      <Filter>Libraries\wolfSSL\wolfcrypt\source</Filter>
    </ClCompile>
    <ClCompile Include="..\..\..\ThirdParty\wolfSSL\wolfcrypt\src\cpuid.c">
      <Filter>Libraries\wolfSSL\wolfcrypt\source</Filter>
    </ClCompile>
    <ClCompile Include="..\..\..\ThirdParty\wolfSSL\wolfcrypt\src\cryptocb.c">
      <Filter>Libraries\wolfSSL\wolfcrypt\source</Filter>
    </ClCompile>
    <ClCompile Include="..\..\..\ThirdParty\wolfSSL\wolfcrypt\src\curve448.c">
      <Filter>Libraries\wolfSSL\wolfcrypt\source</Filter>
    </ClCompile>
    <ClCompile Include="..\..\..\ThirdParty\wolfSSL\wolfcrypt\src\curve25519.c">
      <Filter>Libraries\wolfSSL\wolfcrypt\source</Filter>
    </ClCompile>
    <ClCompile Include="..\..\..\ThirdParty\wolfSSL\wolfcrypt\src\des3.c">
      <Filter>Libraries\wolfSSL\wolfcrypt\source</Filter>
    </ClCompile>
    <ClCompile Include="..\..\..\ThirdParty\wolfSSL\wolfcrypt\src\dh.c">
      <Filter>Libraries\wolfSSL\wolfcrypt\source</Filter>
    </ClCompile>
    <ClCompile Include="..\..\..\ThirdParty\wolfSSL\wolfcrypt\src\dsa.c">
      <Filter>Libraries\wolfSSL\wolfcrypt\source</Filter>
    </ClCompile>
    <ClCompile Include="..\..\..\ThirdParty\wolfSSL\wolfcrypt\src\ecc.c">
      <Filter>Libraries\wolfSSL\wolfcrypt\source</Filter>
    </ClCompile>
    <ClCompile Include="..\..\..\ThirdParty\wolfSSL\wolfcrypt\src\ecc_fp.c">
      <Filter>Libraries\wolfSSL\wolfcrypt\source</Filter>
    </ClCompile>
    <ClCompile Include="..\..\..\ThirdParty\wolfSSL\wolfcrypt\src\ed448.c">
      <Filter>Libraries\wolfSSL\wolfcrypt\source</Filter>
    </ClCompile>
    <ClCompile Include="..\..\..\ThirdParty\wolfSSL\wolfcrypt\src\ed25519.c">
      <Filter>Libraries\wolfSSL\wolfcrypt\source</Filter>
    </ClCompile>
    <ClCompile Include="..\..\..\ThirdParty\wolfSSL\wolfcrypt\src\error.c">
      <Filter>Libraries\wolfSSL\wolfcrypt\source</Filter>
    </ClCompile>
    <ClCompile Include="..\..\..\ThirdParty\wolfSSL\wolfcrypt\src\evp.c">
      <Filter>Libraries\wolfSSL\wolfcrypt\source</Filter>
    </ClCompile>
    <ClCompile Include="..\..\..\ThirdParty\wolfSSL\wolfcrypt\src\fe_448.c">
      <Filter>Libraries\wolfSSL\wolfcrypt\source</Filter>
    </ClCompile>
    <ClCompile Include="..\..\..\ThirdParty\wolfSSL\wolfcrypt\src\fe_low_mem.c">
      <Filter>Libraries\wolfSSL\wolfcrypt\source</Filter>
    </ClCompile>
    <ClCompile Include="..\..\..\ThirdParty\wolfSSL\wolfcrypt\src\fe_operations.c">
      <Filter>Libraries\wolfSSL\wolfcrypt\source</Filter>
    </ClCompile>
    <ClCompile Include="..\..\..\ThirdParty\wolfSSL\wolfcrypt\src\ge_448.c">
      <Filter>Libraries\wolfSSL\wolfcrypt\source</Filter>
    </ClCompile>
    <ClCompile Include="..\..\..\ThirdParty\wolfSSL\wolfcrypt\src\ge_low_mem.c">
      <Filter>Libraries\wolfSSL\wolfcrypt\source</Filter>
    </ClCompile>
    <ClCompile Include="..\..\..\ThirdParty\wolfSSL\wolfcrypt\src\ge_operations.c">
      <Filter>Libraries\wolfSSL\wolfcrypt\source</Filter>
    </ClCompile>
    <ClCompile Include="..\..\..\ThirdParty\wolfSSL\wolfcrypt\src\hash.c">
      <Filter>Libraries\wolfSSL\wolfcrypt\source</Filter>
    </ClCompile>
    <ClCompile Include="..\..\..\ThirdParty\wolfSSL\wolfcrypt\src\hc128.c">
      <Filter>Libraries\wolfSSL\wolfcrypt\source</Filter>
    </ClCompile>
    <ClCompile Include="..\..\..\ThirdParty\wolfSSL\wolfcrypt\src\hmac.c">
      <Filter>Libraries\wolfSSL\wolfcrypt\source</Filter>
    </ClCompile>
    <ClCompile Include="..\..\..\ThirdParty\wolfSSL\wolfcrypt\src\idea.c">
      <Filter>Libraries\wolfSSL\wolfcrypt\source</Filter>
    </ClCompile>
    <ClCompile Include="..\..\..\ThirdParty\wolfSSL\wolfcrypt\src\integer.c">
      <Filter>Libraries\wolfSSL\wolfcrypt\source</Filter>
    </ClCompile>
    <ClCompile Include="..\..\..\ThirdParty\wolfSSL\wolfcrypt\src\logging.c">
      <Filter>Libraries\wolfSSL\wolfcrypt\source</Filter>
    </ClCompile>
    <ClCompile Include="..\..\..\ThirdParty\wolfSSL\wolfcrypt\src\md2.c">
      <Filter>Libraries\wolfSSL\wolfcrypt\source</Filter>
    </ClCompile>
    <ClCompile Include="..\..\..\ThirdParty\wolfSSL\wolfcrypt\src\md4.c">
      <Filter>Libraries\wolfSSL\wolfcrypt\source</Filter>
    </ClCompile>
    <ClCompile Include="..\..\..\ThirdParty\wolfSSL\wolfcrypt\src\md5.c">
      <Filter>Libraries\wolfSSL\wolfcrypt\source</Filter>
    </ClCompile>
    <ClCompile Include="..\..\..\ThirdParty\wolfSSL\wolfcrypt\src\memory.c">
      <Filter>Libraries\wolfSSL\wolfcrypt\source</Filter>
    </ClCompile>
    <ClCompile Include="..\..\..\ThirdParty\wolfSSL\wolfcrypt\src\misc.c">
      <Filter>Libraries\wolfSSL\wolfcrypt\source</Filter>
    </ClCompile>
    <ClCompile Include="..\..\..\ThirdParty\wolfSSL\wolfcrypt\src\pkcs7.c">
      <Filter>Libraries\wolfSSL\wolfcrypt\source</Filter>
    </ClCompile>
    <ClCompile Include="..\..\..\ThirdParty\wolfSSL\wolfcrypt\src\pkcs12.c">
      <Filter>Libraries\wolfSSL\wolfcrypt\source</Filter>
    </ClCompile>
    <ClCompile Include="..\..\..\ThirdParty\wolfSSL\wolfcrypt\src\poly1305.c">
      <Filter>Libraries\wolfSSL\wolfcrypt\source</Filter>
    </ClCompile>
    <ClCompile Include="..\..\..\ThirdParty\wolfSSL\wolfcrypt\src\pwdbased.c">
      <Filter>Libraries\wolfSSL\wolfcrypt\source</Filter>
    </ClCompile>
    <ClCompile Include="..\..\..\ThirdParty\wolfSSL\wolfcrypt\src\rabbit.c">
      <Filter>Libraries\wolfSSL\wolfcrypt\source</Filter>
    </ClCompile>
    <ClCompile Include="..\..\..\ThirdParty\wolfSSL\wolfcrypt\src\random.c">
      <Filter>Libraries\wolfSSL\wolfcrypt\source</Filter>
    </ClCompile>
    <ClCompile Include="..\..\..\ThirdParty\wolfSSL\wolfcrypt\src\ripemd.c">
      <Filter>Libraries\wolfSSL\wolfcrypt\source</Filter>
    </ClCompile>
    <ClCompile Include="..\..\..\ThirdParty\wolfSSL\wolfcrypt\src\rsa.c">
      <Filter>Libraries\wolfSSL\wolfcrypt\source</Filter>
    </ClCompile>
    <ClCompile Include="..\..\..\ThirdParty\wolfSSL\wolfcrypt\src\sha.c">
      <Filter>Libraries\wolfSSL\wolfcrypt\source</Filter>
    </ClCompile>
    <ClCompile Include="..\..\..\ThirdParty\wolfSSL\wolfcrypt\src\sha3.c">
      <Filter>Libraries\wolfSSL\wolfcrypt\source</Filter>
    </ClCompile>
    <ClCompile Include="..\..\..\ThirdParty\wolfSSL\wolfcrypt\src\sha256.c">
      <Filter>Libraries\wolfSSL\wolfcrypt\source</Filter>
    </ClCompile>
    <ClCompile Include="..\..\..\ThirdParty\wolfSSL\wolfcrypt\src\sha512.c">
      <Filter>Libraries\wolfSSL\wolfcrypt\source</Filter>
    </ClCompile>
    <ClCompile Include="..\..\..\ThirdParty\wolfSSL\wolfcrypt\src\signature.c">
      <Filter>Libraries\wolfSSL\wolfcrypt\source</Filter>
    </ClCompile>
    <ClCompile Include="..\..\..\ThirdParty\wolfSSL\wolfcrypt\src\sp_arm32.c">
      <Filter>Libraries\wolfSSL\wolfcrypt\source</Filter>
    </ClCompile>
    <ClCompile Include="..\..\..\ThirdParty\wolfSSL\wolfcrypt\src\sp_arm64.c">
      <Filter>Libraries\wolfSSL\wolfcrypt\source</Filter>
    </ClCompile>
    <ClCompile Include="..\..\..\ThirdParty\wolfSSL\wolfcrypt\src\sp_armthumb.c">
      <Filter>Libraries\wolfSSL\wolfcrypt\source</Filter>
    </ClCompile>
    <ClCompile Include="..\..\..\ThirdParty\wolfSSL\wolfcrypt\src\sp_c32.c">
      <Filter>Libraries\wolfSSL\wolfcrypt\source</Filter>
    </ClCompile>
    <ClCompile Include="..\..\..\ThirdParty\wolfSSL\wolfcrypt\src\sp_c64.c">
      <Filter>Libraries\wolfSSL\wolfcrypt\source</Filter>
    </ClCompile>
    <ClCompile Include="..\..\..\ThirdParty\wolfSSL\wolfcrypt\src\sp_cortexm.c">
      <Filter>Libraries\wolfSSL\wolfcrypt\source</Filter>
    </ClCompile>
    <ClCompile Include="..\..\..\ThirdParty\wolfSSL\wolfcrypt\src\sp_dsp32.c">
      <Filter>Libraries\wolfSSL\wolfcrypt\source</Filter>
    </ClCompile>
    <ClCompile Include="..\..\..\ThirdParty\wolfSSL\wolfcrypt\src\sp_int.c">
      <Filter>Libraries\wolfSSL\wolfcrypt\source</Filter>
    </ClCompile>
    <ClCompile Include="..\..\..\ThirdParty\wolfSSL\wolfcrypt\src\sp_x86_64.c">
      <Filter>Libraries\wolfSSL\wolfcrypt\source</Filter>
    </ClCompile>
    <ClCompile Include="..\..\..\ThirdParty\wolfSSL\wolfcrypt\src\srp.c">
      <Filter>Libraries\wolfSSL\wolfcrypt\source</Filter>
    </ClCompile>
    <ClCompile Include="..\..\..\ThirdParty\wolfSSL\wolfcrypt\src\tfm.c">
      <Filter>Libraries\wolfSSL\wolfcrypt\source</Filter>
    </ClCompile>
    <ClCompile Include="..\..\..\ThirdParty\wolfSSL\wolfcrypt\src\wc_dsp.c">
      <Filter>Libraries\wolfSSL\wolfcrypt\source</Filter>
    </ClCompile>
    <ClCompile Include="..\..\..\ThirdParty\wolfSSL\wolfcrypt\src\wc_encrypt.c">
      <Filter>Libraries\wolfSSL\wolfcrypt\source</Filter>
    </ClCompile>
    <ClCompile Include="..\..\..\ThirdParty\wolfSSL\wolfcrypt\src\wc_pkcs11.c">
      <Filter>Libraries\wolfSSL\wolfcrypt\source</Filter>
    </ClCompile>
    <ClCompile Include="..\..\..\ThirdParty\wolfSSL\wolfcrypt\src\wc_port.c">
      <Filter>Libraries\wolfSSL\wolfcrypt\source</Filter>
    </ClCompile>
    <ClCompile Include="..\..\..\ThirdParty\wolfSSL\wolfcrypt\src\wolfevent.c">
      <Filter>Libraries\wolfSSL\wolfcrypt\source</Filter>
    </ClCompile>
    <ClCompile Include="..\..\..\ThirdParty\wolfSSL\wolfcrypt\src\wolfmath.c">
      <Filter>Libraries\wolfSSL\wolfcrypt\source</Filter>
    </ClCompile>
    <ClCompile Include="..\..\..\Source\Utilities\backoff_algorithm\source\backoff_algorithm.c">
      <Filter>Libraries\backoff_algorithm</Filter>
    </ClCompile>
    <ClCompile Include="..\..\..\Source\Application-Protocols\coreMQTT\source\core_mqtt.c">
      <Filter>Libraries\coreMQTT</Filter>
    </ClCompile>
    <ClCompile Include="..\..\..\Source\Application-Protocols\coreMQTT\source\core_mqtt_serializer.c">
      <Filter>Libraries\coreMQTT</Filter>
    </ClCompile>
    <ClCompile Include="..\..\..\Source\Application-Protocols\coreMQTT\source\core_mqtt_state.c">
      <Filter>Libraries\coreMQTT</Filter>
    </ClCompile>
    <ClCompile Include="..\..\..\Source\Application-Protocols\network_transport\sockets_wrapper\freertos_plus_tcp\sockets_wrapper.c">
      <Filter>Libraries\network_transport\sockets_wrapper\freertos_plus_tcp</Filter>
    </ClCompile>
    <ClCompile Include="..\..\..\Source\Application-Protocols\network_transport\transport_wolfSSL.c">
      <Filter>Libraries\network_transport\sockets_wrapper</Filter>
    </ClCompile>
  </ItemGroup>
  <ItemGroup>
    <ClInclude Include="..\..\..\..\Source\wolfSSL\wolfssl\sniffer_error.h">
      <Filter>Libraries\wolfSSL\include</Filter>
    </ClInclude>
    <ClInclude Include="..\..\..\Source\Application-Protocols\coreMQTT\source\include\core_mqtt.h">
      <Filter>Libraries\coreMQTT\include</Filter>
    </ClInclude>
    <ClInclude Include="..\..\..\Source\Application-Protocols\coreMQTT\source\include\core_mqtt_config_defaults.h">
      <Filter>Libraries\coreMQTT\include</Filter>
    </ClInclude>
    <ClInclude Include="..\..\..\Source\Application-Protocols\coreMQTT\source\include\core_mqtt_serializer.h">
      <Filter>Libraries\coreMQTT\include</Filter>
    </ClInclude>
    <ClInclude Include="..\..\..\Source\Application-Protocols\coreMQTT\source\include\core_mqtt_state.h">
      <Filter>Libraries\coreMQTT\include</Filter>
    </ClInclude>
    <ClInclude Include="..\..\..\..\Source\wolfSSL\wolfssl\wolfcrypt\aes.h">
      <Filter>Libraries\wolfSSL\wolfcrypt\include</Filter>
    </ClInclude>
    <ClInclude Include="..\..\..\..\Source\wolfSSL\wolfssl\wolfcrypt\arc4.h">
      <Filter>Libraries\wolfSSL\wolfcrypt\include</Filter>
    </ClInclude>
    <ClInclude Include="..\..\..\..\Source\wolfSSL\wolfssl\wolfcrypt\asn.h">
      <Filter>Libraries\wolfSSL\wolfcrypt\include</Filter>
    </ClInclude>
    <ClInclude Include="..\..\..\..\Source\wolfSSL\wolfssl\wolfcrypt\asn_public.h">
      <Filter>Libraries\wolfSSL\wolfcrypt\include</Filter>
    </ClInclude>
    <ClInclude Include="..\..\..\..\Source\wolfSSL\wolfssl\wolfcrypt\blake2.h">
      <Filter>Libraries\wolfSSL\wolfcrypt\include</Filter>
    </ClInclude>
    <ClInclude Include="..\..\..\..\Source\wolfSSL\wolfssl\wolfcrypt\blake2-impl.h">
      <Filter>Libraries\wolfSSL\wolfcrypt\include</Filter>
    </ClInclude>
    <ClInclude Include="..\..\..\..\Source\wolfSSL\wolfssl\wolfcrypt\blake2-int.h">
      <Filter>Libraries\wolfSSL\wolfcrypt\include</Filter>
    </ClInclude>
    <ClInclude Include="..\..\..\..\Source\wolfSSL\wolfssl\wolfcrypt\camellia.h">
      <Filter>Libraries\wolfSSL\wolfcrypt\include</Filter>
    </ClInclude>
    <ClInclude Include="..\..\..\..\Source\wolfSSL\wolfssl\wolfcrypt\chacha.h">
      <Filter>Libraries\wolfSSL\wolfcrypt\include</Filter>
    </ClInclude>
    <ClInclude Include="..\..\..\..\Source\wolfSSL\wolfssl\wolfcrypt\chacha20_poly1305.h">
      <Filter>Libraries\wolfSSL\wolfcrypt\include</Filter>
    </ClInclude>
    <ClInclude Include="..\..\..\..\Source\wolfSSL\wolfssl\wolfcrypt\cmac.h">
      <Filter>Libraries\wolfSSL\wolfcrypt\include</Filter>
    </ClInclude>
    <ClInclude Include="..\..\..\..\Source\wolfSSL\wolfssl\wolfcrypt\coding.h">
      <Filter>Libraries\wolfSSL\wolfcrypt\include</Filter>
    </ClInclude>
    <ClInclude Include="..\..\..\..\Source\wolfSSL\wolfssl\wolfcrypt\compress.h">
      <Filter>Libraries\wolfSSL\wolfcrypt\include</Filter>
    </ClInclude>
    <ClInclude Include="..\..\..\..\Source\wolfSSL\wolfssl\wolfcrypt\cpuid.h">
      <Filter>Libraries\wolfSSL\wolfcrypt\include</Filter>
    </ClInclude>
    <ClInclude Include="..\..\..\..\Source\wolfSSL\wolfssl\wolfcrypt\cryptocb.h">
      <Filter>Libraries\wolfSSL\wolfcrypt\include</Filter>
    </ClInclude>
    <ClInclude Include="..\..\..\..\Source\wolfSSL\wolfssl\wolfcrypt\curve448.h">
      <Filter>Libraries\wolfSSL\wolfcrypt\include</Filter>
    </ClInclude>
    <ClInclude Include="..\..\..\..\Source\wolfSSL\wolfssl\wolfcrypt\curve25519.h">
      <Filter>Libraries\wolfSSL\wolfcrypt\include</Filter>
    </ClInclude>
    <ClInclude Include="..\..\..\..\Source\wolfSSL\wolfssl\wolfcrypt\des3.h">
      <Filter>Libraries\wolfSSL\wolfcrypt\include</Filter>
    </ClInclude>
    <ClInclude Include="..\..\..\..\Source\wolfSSL\wolfssl\wolfcrypt\dh.h">
      <Filter>Libraries\wolfSSL\wolfcrypt\include</Filter>
    </ClInclude>
    <ClInclude Include="..\..\..\..\Source\wolfSSL\wolfssl\wolfcrypt\dsa.h">
      <Filter>Libraries\wolfSSL\wolfcrypt\include</Filter>
    </ClInclude>
    <ClInclude Include="..\..\..\..\Source\wolfSSL\wolfssl\wolfcrypt\ecc.h">
      <Filter>Libraries\wolfSSL\wolfcrypt\include</Filter>
    </ClInclude>
    <ClInclude Include="..\..\..\..\Source\wolfSSL\wolfssl\wolfcrypt\ed448.h">
      <Filter>Libraries\wolfSSL\wolfcrypt\include</Filter>
    </ClInclude>
    <ClInclude Include="..\..\..\..\Source\wolfSSL\wolfssl\wolfcrypt\ed25519.h">
      <Filter>Libraries\wolfSSL\wolfcrypt\include</Filter>
    </ClInclude>
    <ClInclude Include="..\..\..\..\Source\wolfSSL\wolfssl\wolfcrypt\error-crypt.h">
      <Filter>Libraries\wolfSSL\wolfcrypt\include</Filter>
    </ClInclude>
    <ClInclude Include="..\..\..\..\Source\wolfSSL\wolfssl\wolfcrypt\fe_448.h">
      <Filter>Libraries\wolfSSL\wolfcrypt\include</Filter>
    </ClInclude>
    <ClInclude Include="..\..\..\..\Source\wolfSSL\wolfssl\wolfcrypt\fe_operations.h">
      <Filter>Libraries\wolfSSL\wolfcrypt\include</Filter>
    </ClInclude>
    <ClInclude Include="..\..\..\..\Source\wolfSSL\wolfssl\wolfcrypt\fips_test.h">
      <Filter>Libraries\wolfSSL\wolfcrypt\include</Filter>
    </ClInclude>
    <ClInclude Include="..\..\..\..\Source\wolfSSL\wolfssl\wolfcrypt\ge_448.h">
      <Filter>Libraries\wolfSSL\wolfcrypt\include</Filter>
    </ClInclude>
    <ClInclude Include="..\..\..\..\Source\wolfSSL\wolfssl\wolfcrypt\ge_operations.h">
      <Filter>Libraries\wolfSSL\wolfcrypt\include</Filter>
    </ClInclude>
    <ClInclude Include="..\..\..\..\Source\wolfSSL\wolfssl\wolfcrypt\hash.h">
      <Filter>Libraries\wolfSSL\wolfcrypt\include</Filter>
    </ClInclude>
    <ClInclude Include="..\..\..\..\Source\wolfSSL\wolfssl\wolfcrypt\hc128.h">
      <Filter>Libraries\wolfSSL\wolfcrypt\include</Filter>
    </ClInclude>
    <ClInclude Include="..\..\..\..\Source\wolfSSL\wolfssl\wolfcrypt\hmac.h">
      <Filter>Libraries\wolfSSL\wolfcrypt\include</Filter>
    </ClInclude>
    <ClInclude Include="..\..\..\..\Source\wolfSSL\wolfssl\wolfcrypt\idea.h">
      <Filter>Libraries\wolfSSL\wolfcrypt\include</Filter>
    </ClInclude>
    <ClInclude Include="..\..\..\..\Source\wolfSSL\wolfssl\wolfcrypt\integer.h">
      <Filter>Libraries\wolfSSL\wolfcrypt\include</Filter>
    </ClInclude>
    <ClInclude Include="..\..\..\..\Source\wolfSSL\wolfssl\wolfcrypt\logging.h">
      <Filter>Libraries\wolfSSL\wolfcrypt\include</Filter>
    </ClInclude>
    <ClInclude Include="..\..\..\..\Source\wolfSSL\wolfssl\wolfcrypt\md2.h">
      <Filter>Libraries\wolfSSL\wolfcrypt\include</Filter>
    </ClInclude>
    <ClInclude Include="..\..\..\..\Source\wolfSSL\wolfssl\wolfcrypt\md4.h">
      <Filter>Libraries\wolfSSL\wolfcrypt\include</Filter>
    </ClInclude>
    <ClInclude Include="..\..\..\..\Source\wolfSSL\wolfssl\wolfcrypt\md5.h">
      <Filter>Libraries\wolfSSL\wolfcrypt\include</Filter>
    </ClInclude>
    <ClInclude Include="..\..\..\..\Source\wolfSSL\wolfssl\wolfcrypt\mem_track.h">
      <Filter>Libraries\wolfSSL\wolfcrypt\include</Filter>
    </ClInclude>
    <ClInclude Include="..\..\..\..\Source\wolfSSL\wolfssl\wolfcrypt\memory.h">
      <Filter>Libraries\wolfSSL\wolfcrypt\include</Filter>
    </ClInclude>
    <ClInclude Include="..\..\..\..\Source\wolfSSL\wolfssl\wolfcrypt\misc.h">
      <Filter>Libraries\wolfSSL\wolfcrypt\include</Filter>
    </ClInclude>
    <ClInclude Include="..\..\..\..\Source\wolfSSL\wolfssl\wolfcrypt\mpi_class.h">
      <Filter>Libraries\wolfSSL\wolfcrypt\include</Filter>
    </ClInclude>
    <ClInclude Include="..\..\..\..\Source\wolfSSL\wolfssl\wolfcrypt\mpi_superclass.h">
      <Filter>Libraries\wolfSSL\wolfcrypt\include</Filter>
    </ClInclude>
    <ClInclude Include="..\..\..\..\Source\wolfSSL\wolfssl\wolfcrypt\wolfmath.h">
      <Filter>Libraries\wolfSSL\wolfcrypt\include</Filter>
    </ClInclude>
    <ClInclude Include="..\..\..\..\Source\wolfSSL\wolfssl\wolfcrypt\wolfevent.h">
      <Filter>Libraries\wolfSSL\wolfcrypt\include</Filter>
    </ClInclude>
    <ClInclude Include="..\..\..\..\Source\wolfSSL\wolfssl\wolfcrypt\wc_port.h">
      <Filter>Libraries\wolfSSL\wolfcrypt\include</Filter>
    </ClInclude>
    <ClInclude Include="..\..\..\..\Source\wolfSSL\wolfssl\wolfcrypt\wc_pkcs11.h">
      <Filter>Libraries\wolfSSL\wolfcrypt\include</Filter>
    </ClInclude>
    <ClInclude Include="..\..\..\..\Source\wolfSSL\wolfssl\wolfcrypt\wc_encrypt.h">
      <Filter>Libraries\wolfSSL\wolfcrypt\include</Filter>
    </ClInclude>
    <ClInclude Include="..\..\..\..\Source\wolfSSL\wolfssl\wolfcrypt\visibility.h">
      <Filter>Libraries\wolfSSL\wolfcrypt\include</Filter>
    </ClInclude>
    <ClInclude Include="..\..\..\..\Source\wolfSSL\wolfssl\wolfcrypt\types.h">
      <Filter>Libraries\wolfSSL\wolfcrypt\include</Filter>
    </ClInclude>
    <ClInclude Include="..\..\..\..\Source\wolfSSL\wolfssl\wolfcrypt\tfm.h">
      <Filter>Libraries\wolfSSL\wolfcrypt\include</Filter>
    </ClInclude>
    <ClInclude Include="..\..\..\..\Source\wolfSSL\wolfssl\wolfcrypt\sp.h">
      <Filter>Libraries\wolfSSL\wolfcrypt\include</Filter>
    </ClInclude>
    <ClInclude Include="..\..\..\..\Source\wolfSSL\wolfssl\wolfcrypt\sp_int.h">
      <Filter>Libraries\wolfSSL\wolfcrypt\include</Filter>
    </ClInclude>
    <ClInclude Include="..\..\..\..\Source\wolfSSL\wolfssl\wolfcrypt\srp.h">
      <Filter>Libraries\wolfSSL\wolfcrypt\include</Filter>
    </ClInclude>
    <ClInclude Include="..\..\..\..\Source\wolfSSL\wolfssl\wolfcrypt\signature.h">
      <Filter>Libraries\wolfSSL\wolfcrypt\include</Filter>
    </ClInclude>
    <ClInclude Include="..\..\..\..\Source\wolfSSL\wolfssl\wolfcrypt\sha512.h">
      <Filter>Libraries\wolfSSL\wolfcrypt\include</Filter>
    </ClInclude>
    <ClInclude Include="..\..\..\..\Source\wolfSSL\wolfssl\wolfcrypt\sha256.h">
      <Filter>Libraries\wolfSSL\wolfcrypt\include</Filter>
    </ClInclude>
    <ClInclude Include="..\..\..\..\Source\wolfSSL\wolfssl\wolfcrypt\sha3.h">
      <Filter>Libraries\wolfSSL\wolfcrypt\include</Filter>
    </ClInclude>
    <ClInclude Include="..\..\..\..\Source\wolfSSL\wolfssl\wolfcrypt\sha.h">
      <Filter>Libraries\wolfSSL\wolfcrypt\include</Filter>
    </ClInclude>
    <ClInclude Include="..\..\..\..\Source\wolfSSL\wolfssl\wolfcrypt\settings.h">
      <Filter>Libraries\wolfSSL\wolfcrypt\include</Filter>
    </ClInclude>
    <ClInclude Include="..\..\..\..\Source\wolfSSL\wolfssl\wolfcrypt\selftest.h">
      <Filter>Libraries\wolfSSL\wolfcrypt\include</Filter>
    </ClInclude>
    <ClInclude Include="..\..\..\..\Source\wolfSSL\wolfssl\wolfcrypt\rsa.h">
      <Filter>Libraries\wolfSSL\wolfcrypt\include</Filter>
    </ClInclude>
    <ClInclude Include="..\..\..\..\Source\wolfSSL\wolfssl\wolfcrypt\ripemd.h">
      <Filter>Libraries\wolfSSL\wolfcrypt\include</Filter>
    </ClInclude>
    <ClInclude Include="..\..\..\..\Source\wolfSSL\wolfssl\wolfcrypt\random.h">
      <Filter>Libraries\wolfSSL\wolfcrypt\include</Filter>
    </ClInclude>
    <ClInclude Include="..\..\..\..\Source\wolfSSL\wolfssl\wolfcrypt\rabbit.h">
      <Filter>Libraries\wolfSSL\wolfcrypt\include</Filter>
    </ClInclude>
    <ClInclude Include="..\..\..\..\Source\wolfSSL\wolfssl\wolfcrypt\pwdbased.h">
      <Filter>Libraries\wolfSSL\wolfcrypt\include</Filter>
    </ClInclude>
    <ClInclude Include="..\..\..\..\Source\wolfSSL\wolfssl\wolfcrypt\poly1305.h">
      <Filter>Libraries\wolfSSL\wolfcrypt\include</Filter>
    </ClInclude>
    <ClInclude Include="..\..\..\..\Source\wolfSSL\wolfssl\wolfcrypt\pkcs12.h">
      <Filter>Libraries\wolfSSL\wolfcrypt\include</Filter>
    </ClInclude>
    <ClInclude Include="..\..\..\..\Source\wolfSSL\wolfssl\wolfcrypt\pkcs11.h">
      <Filter>Libraries\wolfSSL\wolfcrypt\include</Filter>
    </ClInclude>
    <ClInclude Include="..\..\..\..\Source\wolfSSL\wolfssl\wolfcrypt\pkcs7.h">
      <Filter>Libraries\wolfSSL\wolfcrypt\include</Filter>
    </ClInclude>
    <ClInclude Include="..\..\..\..\Source\wolfSSL\wolfssl\callbacks.h">
      <Filter>Libraries\wolfSSL\include</Filter>
    </ClInclude>
    <ClInclude Include="..\..\..\..\Source\wolfSSL\wolfssl\certs_test.h">
      <Filter>Libraries\wolfSSL\include</Filter>
    </ClInclude>
    <ClInclude Include="..\..\..\..\Source\wolfSSL\wolfssl\error-ssl.h">
      <Filter>Libraries\wolfSSL\include</Filter>
    </ClInclude>
    <ClInclude Include="..\..\..\..\Source\wolfSSL\wolfssl\crl.h">
      <Filter>Libraries\wolfSSL\include</Filter>
    </ClInclude>
    <ClInclude Include="..\..\..\..\Source\wolfSSL\wolfssl\internal.h">
      <Filter>Libraries\wolfSSL\include</Filter>
    </ClInclude>
    <ClInclude Include="..\..\..\..\Source\wolfSSL\wolfssl\ocsp.h">
      <Filter>Libraries\wolfSSL\include</Filter>
    </ClInclude>
    <ClInclude Include="..\..\..\..\Source\wolfSSL\wolfssl\sniffer.h">
      <Filter>Libraries\wolfSSL\include</Filter>
    </ClInclude>
    <ClInclude Include="..\..\..\..\Source\wolfSSL\wolfssl\ssl.h">
      <Filter>Libraries\wolfSSL\include</Filter>
    </ClInclude>
    <ClInclude Include="..\..\..\..\Source\wolfSSL\wolfssl\test.h">
      <Filter>Libraries\wolfSSL\include</Filter>
    </ClInclude>
    <ClInclude Include="..\..\..\..\Source\wolfSSL\wolfssl\version.h">
      <Filter>Libraries\wolfSSL\include</Filter>
    </ClInclude>
    <ClInclude Include="..\..\..\..\Source\wolfSSL\wolfssl\wolfio.h">
      <Filter>Libraries\wolfSSL\include</Filter>
    </ClInclude>
    <ClInclude Include="core_mqtt_config.h">
      <Filter>FreeRTOS+</Filter>
    </ClInclude>
    <ClInclude Include="..\..\..\Source\Utilities\backoff_algorithm\source\include\backoff_algorithm.h">
      <Filter>Libraries\backoff_algorithm\include</Filter>
    </ClInclude>
    <ClInclude Include="..\..\..\Source\Application-Protocols\network_transport\sockets_wrapper\freertos_plus_tcp\sockets_wrapper.h">
      <Filter>Libraries\network_transport\sockets_wrapper\freertos_plus_tcp</Filter>
    </ClInclude>
    <ClInclude Include="..\..\..\Source\Application-Protocols\network_transport\transport_wolfSSL.h">
      <Filter>Libraries\network_transport\sockets_wrapper</Filter>
    </ClInclude>
    <ClInclude Include="..\..\..\Source\Application-Protocols\coreMQTT\source\interface\transport_interface.h">
      <Filter>Libraries\coreMQTT\include</Filter>
    </ClInclude>
    <ClInclude Include="demo_config.h">
      <Filter>Header Files</Filter>
    </ClInclude>
    <ClInclude Include="user_settings.h">
      <Filter>Header Files</Filter>
    </ClInclude>
    <ClInclude Include="..\Common\core_mqtt_config.h">
      <Filter>Header Files</Filter>
    </ClInclude>
  </ItemGroup>
  <ItemGroup>
    <None Include="..\..\..\..\Source\wolfSSL\wolfcrypt\src\aes_asm.asm">
      <Filter>Libraries\wolfSSL\wolfcrypt\source</Filter>
    </None>
  </ItemGroup>
</Project>