<?xml version="1.0" encoding="utf-8"?>
<Project ToolsVersion="4.0" xmlns="http://schemas.microsoft.com/developer/msbuild/2003">
  <ItemGroup>
    <Filter Include="Libraries">
      <UniqueIdentifier>{a37e8d89-e525-4db2-91dd-f0b273a9554f}</UniqueIdentifier>
    </Filter>
    <Filter Include="Libraries\coreMQTT">
      <UniqueIdentifier>{24b1b03b-ab28-43e4-bfb9-dae77a95e476}</UniqueIdentifier>
    </Filter>
    <Filter Include="Libraries\coreMQTT\include">
      <UniqueIdentifier>{790aba1c-5d63-417a-89ec-9815b007861f}</UniqueIdentifier>
    </Filter>
    <Filter Include="Source">
      <UniqueIdentifier>{4FC737F1-C7A5-4376-A066-2A32D752A2FF}</UniqueIdentifier>
      <Extensions>cpp;c;cc;cxx;c++;cppm;ixx;def;odl;idl;hpj;bat;asm;asmx</Extensions>
    </Filter>
    <Filter Include="Config">
      <UniqueIdentifier>{67DA6AB6-F800-4c08-8B7A-83BB121AAD01}</UniqueIdentifier>
      <Extensions>rc;ico;cur;bmp;dlg;rc2;rct;bin;rgs;gif;jpg;jpeg;jpe;resx;tiff;tif;png;wav;mfcribbon-ms</Extensions>
    </Filter>
    <Filter Include="Header">
      <UniqueIdentifier>{93995380-89BD-4b04-88EB-625FBE52EBFB}</UniqueIdentifier>
      <Extensions>h;hh;hpp;hxx;h++;hm;inl;inc;ipp;xsd</Extensions>
    </Filter>
    <Filter Include="Additional Network Transport Files">
      <UniqueIdentifier>{a1ecf026-d7ca-488c-bf1f-fd90a038a04a}</UniqueIdentifier>
    </Filter>
    <Filter Include="Libraries\Backoff Algorithm">
      <UniqueIdentifier>{19547751-b333-4f18-8e35-7ac02d769539}</UniqueIdentifier>
    </Filter>
    <Filter Include="Libraries\Backoff Algorithm\include">
      <UniqueIdentifier>{b62c0d53-8fc3-4298-af2c-140e565c2dd7}</UniqueIdentifier>
    </Filter>
    <Filter Include="Additional Network Transport Files\TCP Sockets Wrapper">
      <UniqueIdentifier>{a1737e33-ccac-43bb-a7e7-9a5db76108a2}</UniqueIdentifier>
    </Filter>
    <Filter Include="Additional Network Transport Files\TCP Sockets Wrapper\include">
      <UniqueIdentifier>{6fe32746-148f-41f4-9510-146909bc7065}</UniqueIdentifier>
    </Filter>
    <Filter Include="Additional Network Transport Files\TCP Sockets Wrapper\ports">
      <UniqueIdentifier>{756eaea5-c266-4321-98a2-68ca62af4639}</UniqueIdentifier>
    </Filter>
    <Filter Include="Additional Network Transport Files\PlaintextTransport">
      <UniqueIdentifier>{d91e912e-60ec-4d8b-bf81-28712853dcef}</UniqueIdentifier>
    </Filter>
    <Filter Include="Additional Network Transport Files\PlaintextTransport\include">
      <UniqueIdentifier>{c63ec790-9f1f-485b-9c8c-30727bdb38ab}</UniqueIdentifier>
    </Filter>
  </ItemGroup>
  <ItemGroup>
    <ClCompile Include="DemoTasks\PlaintextMQTTExample.c">
      <Filter>Source</Filter>
    </ClCompile>
    <ClCompile Include="..\Common\main.c">
      <Filter>Source</Filter>
    </ClCompile>
    <ClCompile Include="..\..\..\Source\Application-Protocols\coreMQTT\source\core_mqtt.c">
      <Filter>Libraries\coreMQTT</Filter>
    </ClCompile>
    <ClCompile Include="..\..\..\Source\Application-Protocols\coreMQTT\source\core_mqtt_serializer.c">
      <Filter>Libraries\coreMQTT</Filter>
    </ClCompile>
    <ClCompile Include="..\..\..\Source\Application-Protocols\coreMQTT\source\core_mqtt_state.c">
      <Filter>Libraries\coreMQTT</Filter>
    </ClCompile>
    <ClCompile Include="..\..\..\Source\Utilities\backoff_algorithm\source\backoff_algorithm.c">
      <Filter>Libraries\Backoff Algorithm</Filter>
    </ClCompile>
    <ClCompile Include="..\..\..\Source\Application-Protocols\network_transport\tcp_sockets_wrapper\ports\freertos_plus_tcp\tcp_sockets_wrapper.c">
      <Filter>Additional Network Transport Files\TCP Sockets Wrapper\ports</Filter>
    </ClCompile>
    <ClCompile Include="..\..\..\Source\Application-Protocols\network_transport\transport_plaintext.c">
      <Filter>Additional Network Transport Files\PlaintextTransport</Filter>
    </ClCompile>
  </ItemGroup>
  <ItemGroup>
    <ClInclude Include="..\Common\core_mqtt_config.h">
      <Filter>Header</Filter>
    </ClInclude>
    <ClInclude Include="..\..\..\Source\Application-Protocols\coreMQTT\source\include\core_mqtt.h">
      <Filter>Libraries\coreMQTT\include</Filter>
    </ClInclude>
    <ClInclude Include="..\..\..\Source\Application-Protocols\coreMQTT\source\include\core_mqtt_config_defaults.h">
      <Filter>Libraries\coreMQTT\include</Filter>
    </ClInclude>
    <ClInclude Include="..\..\..\Source\Application-Protocols\coreMQTT\source\include\core_mqtt_serializer.h">
      <Filter>Libraries\coreMQTT\include</Filter>
    </ClInclude>
    <ClInclude Include="..\..\..\Source\Application-Protocols\coreMQTT\source\include\core_mqtt_state.h">
      <Filter>Libraries\coreMQTT\include</Filter>
    </ClInclude>
    <ClInclude Include="..\..\..\Source\Utilities\backoff_algorithm\source\include\backoff_algorithm.h">
      <Filter>Libraries\Backoff Algorithm\include</Filter>
    </ClInclude>
    <ClInclude Include="demo_config.h">
      <Filter>Config</Filter>
    </ClInclude>
    <ClInclude Include="..\..\..\Source\Application-Protocols\network_transport\tcp_sockets_wrapper\include\tcp_sockets_wrapper.h">
      <Filter>Additional Network Transport Files\TCP Sockets Wrapper\include</Filter>
    </ClInclude>
    <ClInclude Include="..\..\..\Source\Application-Protocols\network_transport\transport_plaintext.h">
      <Filter>Additional Network Transport Files\PlaintextTransport\include</Filter>
    </ClInclude>
  </ItemGroup>
</Project>