<?xml version="1.0" encoding="utf-8"?>
<Project ToolsVersion="4.0" xmlns="http://schemas.microsoft.com/developer/msbuild/2003">
  <ItemGroup>
    <Filter Include="FreeRTOS">
      <UniqueIdentifier>{af3445a1-4908-4170-89ed-39345d90d30c}</UniqueIdentifier>
    </Filter>
    <Filter Include="FreeRTOS\Source">
      <UniqueIdentifier>{f32be356-4763-4cae-9020-974a2638cb08}</UniqueIdentifier>
      <Extensions>*.c</Extensions>
    </Filter>
    <Filter Include="FreeRTOS\Source\Portable">
      <UniqueIdentifier>{88f409e6-d396-4ac5-94bd-7a99c914be46}</UniqueIdentifier>
    </Filter>
    <Filter Include="FreeRTOS+">
      <UniqueIdentifier>{e5ad4ec7-23dc-4295-8add-2acaee488f5a}</UniqueIdentifier>
    </Filter>
    <Filter Include="FreeRTOS\Source\include">
      <UniqueIdentifier>{d2dcd641-8d91-492b-852f-5563ffadaec6}</UniqueIdentifier>
    </Filter>
    <Filter Include="FreeRTOS+\FreeRTOS+TCP">
      <UniqueIdentifier>{8672fa26-b119-481f-8b8d-086419c01a3e}</UniqueIdentifier>
    </Filter>
    <Filter Include="FreeRTOS+\FreeRTOS+TCP\portable">
      <UniqueIdentifier>{4570be11-ec96-4b55-ac58-24b50ada980a}</UniqueIdentifier>
    </Filter>
    <Filter Include="FreeRTOS+\FreeRTOS+TCP\include">
      <UniqueIdentifier>{5d93ed51-023a-41ad-9243-8d230165d34b}</UniqueIdentifier>
    </Filter>
    <Filter Include="DemoTasks">
      <UniqueIdentifier>{b71e974a-9f28-4815-972b-d930ba8a34d0}</UniqueIdentifier>
    </Filter>
    <Filter Include="FreeRTOS+\FreeRTOS IoT Libraries">
      <UniqueIdentifier>{60717407-397f-4ea5-8492-3314acdd25f0}</UniqueIdentifier>
    </Filter>
    <Filter Include="FreeRTOS+\FreeRTOS IoT Libraries\standard">
      <UniqueIdentifier>{8a90222f-d723-4b4e-8e6e-c57afaf7fa92}</UniqueIdentifier>
    </Filter>
    <Filter Include="FreeRTOS+\FreeRTOS IoT Libraries\standard\coreMQTT">
      <UniqueIdentifier>{2d17d5e6-ed70-4e42-9693-f7a63baf4948}</UniqueIdentifier>
    </Filter>
    <Filter Include="FreeRTOS+\FreeRTOS IoT Libraries\standard\coreMQTT\include">
      <UniqueIdentifier>{6ad56e6d-c330-4830-8f4b-c75b05dfa866}</UniqueIdentifier>
    </Filter>
    <Filter Include="FreeRTOS+\FreeRTOS IoT Libraries\platform">
      <UniqueIdentifier>{84613aa2-91dc-4e1a-a3b3-823b6d7bf0e0}</UniqueIdentifier>
    </Filter>
    <Filter Include="FreeRTOS+\mbedtls">
      <UniqueIdentifier>{7bedd2e3-adbb-4c95-9632-445132b459ce}</UniqueIdentifier>
    </Filter>
    <Filter Include="FreeRTOS+\mbedtls\include">
      <UniqueIdentifier>{07a14673-4d02-4780-a099-6b8c654dff91}</UniqueIdentifier>
    </Filter>
    <Filter Include="FreeRTOS+\mbedtls\library">
      <UniqueIdentifier>{e875c5e3-40a2-4408-941e-5e1a951cc663}</UniqueIdentifier>
    </Filter>
    <Filter Include="FreeRTOS+\FreeRTOS IoT Libraries\platform\mbedtls">
      <UniqueIdentifier>{8a0aa896-6b3a-49b3-997e-681f0d1949ae}</UniqueIdentifier>
    </Filter>
    <Filter Include="FreeRTOS+\FreeRTOS IoT Libraries\platform\transport">
      <UniqueIdentifier>{c5a01679-3e7a-4320-97ac-ee5b872c1650}</UniqueIdentifier>
    </Filter>
    <Filter Include="FreeRTOS+\FreeRTOS IoT Libraries\platform\transport\include">
      <UniqueIdentifier>{c992824d-4198-46b2-8d59-5f99ab9946ab}</UniqueIdentifier>
    </Filter>
    <Filter Include="FreeRTOS+\FreeRTOS IoT Libraries\platform\transport">
      <UniqueIdentifier>{6a35782c-bc09-42d5-a850-98bcb668a4dc}</UniqueIdentifier>
    </Filter>
    <Filter Include="FreeRTOS+\FreeRTOS IoT Libraries\standard\coreJSON">
      <UniqueIdentifier>{20aee693-d2dc-480e-ae21-0db2156e54ac}</UniqueIdentifier>
    </Filter>
    <Filter Include="FreeRTOS+\FreeRTOS IoT Libraries\AWS">
      <UniqueIdentifier>{0dacb84e-5cc3-4eed-8fb1-68b6e4741f77}</UniqueIdentifier>
    </Filter>
    <Filter Include="Config">
      <UniqueIdentifier>{21d4cf41-bbdc-46af-8508-1193e3b6595a}</UniqueIdentifier>
    </Filter>
    <Filter Include="FreeRTOS+\FreeRTOS+TCP\tcp_utilities">
      <UniqueIdentifier>{ca4314cd-3b61-4dd8-b5ab-dbc3f1ed004e}</UniqueIdentifier>
    </Filter>
    <Filter Include="FreeRTOS+\FreeRTOS+TCP\tcp_utilities\include">
      <UniqueIdentifier>{9f1aaf81-1839-4673-b7e3-1501dd0edd02}</UniqueIdentifier>
    </Filter>
    <Filter Include="FreeRTOS+\FreeRTOS IoT Libraries\AWS\device-defender">
      <UniqueIdentifier>{35c65887-47a1-496f-b632-8082be580456}</UniqueIdentifier>
    </Filter>
    <Filter Include="FreeRTOS+\FreeRTOS IoT Libraries\AWS\device-defender\include">
      <UniqueIdentifier>{974934dc-7cd5-40f6-b449-3b932adf89ab}</UniqueIdentifier>
    </Filter>
    <Filter Include="FreeRTOS+\FreeRTOS IoT Libraries\platform\backoff_algorithm">
      <UniqueIdentifier>{fcf93295-15e2-4a84-a5e9-b3c162e9f061}</UniqueIdentifier>
    </Filter>
    <Filter Include="FreeRTOS+\FreeRTOS IoT Libraries\platform\logging">
      <UniqueIdentifier>{40de67d3-3815-46f9-a581-c1a01dbacc92}</UniqueIdentifier>
    </Filter>
    <Filter Include="FreeRTOS+\FreeRTOS IoT Libraries\platform\backoff_algorithm\include">
      <UniqueIdentifier>{2bef4675-f45b-4988-9db3-4ddbf60406ac}</UniqueIdentifier>
    </Filter>
    <Filter Include="FreeRTOS+\FreeRTOS IoT Libraries\standard\coreJSON\include">
      <UniqueIdentifier>{ced49869-3746-4f73-ba8d-4513320e5e9b}</UniqueIdentifier>
    </Filter>
  </ItemGroup>
  <ItemGroup>
    <ClCompile Include="..\..\..\..\..\FreeRTOS\Source\portable\MSVC-MingW\port.c">
      <Filter>FreeRTOS\Source\Portable</Filter>
    </ClCompile>
    <ClCompile Include="..\..\..\..\..\FreeRTOS\Source\timers.c">
      <Filter>FreeRTOS\Source</Filter>
    </ClCompile>
    <ClCompile Include="..\..\..\..\..\FreeRTOS\Source\list.c">
      <Filter>FreeRTOS\Source</Filter>
    </ClCompile>
    <ClCompile Include="..\..\..\..\..\FreeRTOS\Source\queue.c">
      <Filter>FreeRTOS\Source</Filter>
    </ClCompile>
    <ClCompile Include="..\..\..\..\..\FreeRTOS\Source\tasks.c">
      <Filter>FreeRTOS\Source</Filter>
    </ClCompile>
    <ClCompile Include="..\..\..\..\..\FreeRTOS-Plus\Source\FreeRTOS-Plus-TCP\FreeRTOS_UDP_IP.c">
      <Filter>FreeRTOS+\FreeRTOS+TCP</Filter>
    </ClCompile>
    <ClCompile Include="..\..\..\..\..\FreeRTOS-Plus\Source\FreeRTOS-Plus-TCP\FreeRTOS_DHCP.c">
      <Filter>FreeRTOS+\FreeRTOS+TCP</Filter>
    </ClCompile>
    <ClCompile Include="..\..\..\..\..\FreeRTOS-Plus\Source\FreeRTOS-Plus-TCP\FreeRTOS_DNS.c">
      <Filter>FreeRTOS+\FreeRTOS+TCP</Filter>
    </ClCompile>
    <ClCompile Include="..\..\..\..\..\FreeRTOS-Plus\Source\FreeRTOS-Plus-TCP\FreeRTOS_Sockets.c">
      <Filter>FreeRTOS+\FreeRTOS+TCP</Filter>
    </ClCompile>
    <ClCompile Include="..\..\..\..\..\FreeRTOS-Plus\Source\FreeRTOS-Plus-TCP\portable\BufferManagement\BufferAllocation_2.c">
      <Filter>FreeRTOS+\FreeRTOS+TCP\portable</Filter>
    </ClCompile>
    <ClCompile Include="..\..\..\..\..\FreeRTOS-Plus\Source\FreeRTOS-Plus-TCP\portable\NetworkInterface\WinPCap\NetworkInterface.c">
      <Filter>FreeRTOS+\FreeRTOS+TCP\portable</Filter>
    </ClCompile>
    <ClCompile Include="..\..\..\..\..\FreeRTOS-Plus\Source\FreeRTOS-Plus-TCP\FreeRTOS_ARP.c">
      <Filter>FreeRTOS+\FreeRTOS+TCP</Filter>
    </ClCompile>
    <ClCompile Include="..\..\..\..\..\FreeRTOS-Plus\Source\FreeRTOS-Plus-TCP\FreeRTOS_IP.c">
      <Filter>FreeRTOS+\FreeRTOS+TCP</Filter>
    </ClCompile>
    <ClCompile Include="..\..\..\..\..\FreeRTOS-Plus\Source\FreeRTOS-Plus-TCP\FreeRTOS_TCP_IP.c">
      <Filter>FreeRTOS+\FreeRTOS+TCP</Filter>
    </ClCompile>
    <ClCompile Include="..\..\..\..\..\FreeRTOS-Plus\Source\FreeRTOS-Plus-TCP\FreeRTOS_TCP_WIN.c">
      <Filter>FreeRTOS+\FreeRTOS+TCP</Filter>
    </ClCompile>
    <ClCompile Include="..\..\..\..\..\FreeRTOS\Source\event_groups.c">
      <Filter>FreeRTOS\Source</Filter>
    </ClCompile>
    <ClCompile Include="..\..\..\..\..\FreeRTOS\Source\portable\MemMang\heap_4.c">
      <Filter>FreeRTOS\Source\Portable</Filter>
    </ClCompile>
    <ClCompile Include="..\..\..\..\..\FreeRTOS-Plus\Source\FreeRTOS-Plus-TCP\FreeRTOS_Stream_Buffer.c">
      <Filter>FreeRTOS+\FreeRTOS+TCP</Filter>
    </ClCompile>
    <ClCompile Include="..\..\..\..\..\FreeRTOS\Source\stream_buffer.c">
      <Filter>FreeRTOS\Source</Filter>
    </ClCompile>
    <ClCompile Include="..\..\..\..\Source\Utilities\mbedtls_freertos\mbedtls_freertos_port.c">
      <Filter>FreeRTOS+\FreeRTOS IoT Libraries\platform\mbedtls</Filter>
    </ClCompile>
    <ClCompile Include="..\..\..\..\Source\Utilities\backoff_algorithm\source\backoff_algorithm.c">
      <Filter>FreeRTOS+\FreeRTOS IoT Libraries\platform\backoff_algorithm</Filter>
    </ClCompile>
    <ClCompile Include="..\..\..\..\ThirdParty\mbedtls\library\aes.c">
      <Filter>FreeRTOS+\mbedtls\library</Filter>
    </ClCompile>
    <ClCompile Include="..\..\..\..\ThirdParty\mbedtls\library\aesni.c">
      <Filter>FreeRTOS+\mbedtls\library</Filter>
    </ClCompile>
    <ClCompile Include="..\..\..\..\ThirdParty\mbedtls\library\arc4.c">
      <Filter>FreeRTOS+\mbedtls\library</Filter>
    </ClCompile>
    <ClCompile Include="..\..\..\..\ThirdParty\mbedtls\library\aria.c">
      <Filter>FreeRTOS+\mbedtls\library</Filter>
    </ClCompile>
    <ClCompile Include="..\..\..\..\ThirdParty\mbedtls\library\asn1parse.c">
      <Filter>FreeRTOS+\mbedtls\library</Filter>
    </ClCompile>
    <ClCompile Include="..\..\..\..\ThirdParty\mbedtls\library\asn1write.c">
      <Filter>FreeRTOS+\mbedtls\library</Filter>
    </ClCompile>
    <ClCompile Include="..\..\..\..\ThirdParty\mbedtls\library\base64.c">
      <Filter>FreeRTOS+\mbedtls\library</Filter>
    </ClCompile>
    <ClCompile Include="..\..\..\..\ThirdParty\mbedtls\library\bignum.c">
      <Filter>FreeRTOS+\mbedtls\library</Filter>
    </ClCompile>
    <ClCompile Include="..\..\..\..\ThirdParty\mbedtls\library\blowfish.c">
      <Filter>FreeRTOS+\mbedtls\library</Filter>
    </ClCompile>
    <ClCompile Include="..\..\..\..\ThirdParty\mbedtls\library\camellia.c">
      <Filter>FreeRTOS+\mbedtls\library</Filter>
    </ClCompile>
    <ClCompile Include="..\..\..\..\ThirdParty\mbedtls\library\ccm.c">
      <Filter>FreeRTOS+\mbedtls\library</Filter>
    </ClCompile>
    <ClCompile Include="..\..\..\..\ThirdParty\mbedtls\library\certs.c">
      <Filter>FreeRTOS+\mbedtls\library</Filter>
    </ClCompile>
    <ClCompile Include="..\..\..\..\ThirdParty\mbedtls\library\chacha20.c">
      <Filter>FreeRTOS+\mbedtls\library</Filter>
    </ClCompile>
    <ClCompile Include="..\..\..\..\ThirdParty\mbedtls\library\chachapoly.c">
      <Filter>FreeRTOS+\mbedtls\library</Filter>
    </ClCompile>
    <ClCompile Include="..\..\..\..\ThirdParty\mbedtls\library\cipher.c">
      <Filter>FreeRTOS+\mbedtls\library</Filter>
    </ClCompile>
    <ClCompile Include="..\..\..\..\ThirdParty\mbedtls\library\cipher_wrap.c">
      <Filter>FreeRTOS+\mbedtls\library</Filter>
    </ClCompile>
    <ClCompile Include="..\..\..\..\ThirdParty\mbedtls\library\cmac.c">
      <Filter>FreeRTOS+\mbedtls\library</Filter>
    </ClCompile>
    <ClCompile Include="..\..\..\..\ThirdParty\mbedtls\library\cmac.c">
      <Filter>FreeRTOS+\mbedtls\library</Filter>
    </ClCompile>
    <ClCompile Include="..\..\..\..\ThirdParty\mbedtls\library\constant_time.c">
      <Filter>FreeRTOS+\mbedtls\library</Filter>
    </ClCompile>
    <ClCompile Include="..\..\..\..\ThirdParty\mbedtls\library\ctr_drbg.c">
      <Filter>FreeRTOS+\mbedtls\library</Filter>
    </ClCompile>
    <ClCompile Include="..\..\..\..\ThirdParty\mbedtls\library\debug.c">
      <Filter>FreeRTOS+\mbedtls\library</Filter>
    </ClCompile>
    <ClCompile Include="..\..\..\..\ThirdParty\mbedtls\library\des.c">
      <Filter>FreeRTOS+\mbedtls\library</Filter>
    </ClCompile>
    <ClCompile Include="..\..\..\..\ThirdParty\mbedtls\library\dhm.c">
      <Filter>FreeRTOS+\mbedtls\library</Filter>
    </ClCompile>
    <ClCompile Include="..\..\..\..\ThirdParty\mbedtls\library\ecdh.c">
      <Filter>FreeRTOS+\mbedtls\library</Filter>
    </ClCompile>
    <ClCompile Include="..\..\..\..\ThirdParty\mbedtls\library\ecdsa.c">
      <Filter>FreeRTOS+\mbedtls\library</Filter>
    </ClCompile>
    <ClCompile Include="..\..\..\..\ThirdParty\mbedtls\library\ecjpake.c">
      <Filter>FreeRTOS+\mbedtls\library</Filter>
    </ClCompile>
    <ClCompile Include="..\..\..\..\ThirdParty\mbedtls\library\ecp.c">
      <Filter>FreeRTOS+\mbedtls\library</Filter>
    </ClCompile>
    <ClCompile Include="..\..\..\..\ThirdParty\mbedtls\library\ecp_curves.c">
      <Filter>FreeRTOS+\mbedtls\library</Filter>
    </ClCompile>
    <ClCompile Include="..\..\..\..\ThirdParty\mbedtls\library\entropy.c">
      <Filter>FreeRTOS+\mbedtls\library</Filter>
    </ClCompile>
    <ClCompile Include="..\..\..\..\ThirdParty\mbedtls\library\entropy_poll.c">
      <Filter>FreeRTOS+\mbedtls\library</Filter>
    </ClCompile>
    <ClCompile Include="..\..\..\..\ThirdParty\mbedtls\library\error.c">
      <Filter>FreeRTOS+\mbedtls\library</Filter>
    </ClCompile>
    <ClCompile Include="..\..\..\..\ThirdParty\mbedtls\library\gcm.c">
      <Filter>FreeRTOS+\mbedtls\library</Filter>
    </ClCompile>
    <ClCompile Include="..\..\..\..\ThirdParty\mbedtls\library\havege.c">
      <Filter>FreeRTOS+\mbedtls\library</Filter>
    </ClCompile>
    <ClCompile Include="..\..\..\..\ThirdParty\mbedtls\library\hkdf.c">
      <Filter>FreeRTOS+\mbedtls\library</Filter>
    </ClCompile>
    <ClCompile Include="..\..\..\..\ThirdParty\mbedtls\library\hmac_drbg.c">
      <Filter>FreeRTOS+\mbedtls\library</Filter>
    </ClCompile>
    <ClCompile Include="..\..\..\..\ThirdParty\mbedtls\library\md.c">
      <Filter>FreeRTOS+\mbedtls\library</Filter>
    </ClCompile>
    <ClCompile Include="..\..\..\..\ThirdParty\mbedtls\library\md2.c">
      <Filter>FreeRTOS+\mbedtls\library</Filter>
    </ClCompile>
    <ClCompile Include="..\..\..\..\ThirdParty\mbedtls\library\md4.c">
      <Filter>FreeRTOS+\mbedtls\library</Filter>
    </ClCompile>
    <ClCompile Include="..\..\..\..\ThirdParty\mbedtls\library\md5.c">
      <Filter>FreeRTOS+\mbedtls\library</Filter>
    </ClCompile>
    <ClCompile Include="..\..\..\..\ThirdParty\mbedtls\library\memory_buffer_alloc.c">
      <Filter>FreeRTOS+\mbedtls\library</Filter>
    </ClCompile>
    <ClCompile Include="..\..\..\..\ThirdParty\mbedtls\library\mps_reader.c">
      <Filter>FreeRTOS+\mbedtls\library</Filter>
    </ClCompile>
    <ClCompile Include="..\..\..\..\ThirdParty\mbedtls\library\mps_trace.c">
      <Filter>FreeRTOS+\mbedtls\library</Filter>
    </ClCompile>
    <ClCompile Include="..\..\..\..\ThirdParty\mbedtls\library\net_sockets.c">
      <Filter>FreeRTOS+\mbedtls\library</Filter>
    </ClCompile>
    <ClCompile Include="..\..\..\..\ThirdParty\mbedtls\library\nist_kw.c">
      <Filter>FreeRTOS+\mbedtls\library</Filter>
    </ClCompile>
    <ClCompile Include="..\..\..\..\ThirdParty\mbedtls\library\oid.c">
      <Filter>FreeRTOS+\mbedtls\library</Filter>
    </ClCompile>
    <ClCompile Include="..\..\..\..\ThirdParty\mbedtls\library\padlock.c">
      <Filter>FreeRTOS+\mbedtls\library</Filter>
    </ClCompile>
    <ClCompile Include="..\..\..\..\ThirdParty\mbedtls\library\pem.c">
      <Filter>FreeRTOS+\mbedtls\library</Filter>
    </ClCompile>
    <ClCompile Include="..\..\..\..\ThirdParty\mbedtls\library\pk.c">
      <Filter>FreeRTOS+\mbedtls\library</Filter>
    </ClCompile>
    <ClCompile Include="..\..\..\..\ThirdParty\mbedtls\library\pkcs11.c">
      <Filter>FreeRTOS+\mbedtls\library</Filter>
    </ClCompile>
    <ClCompile Include="..\..\..\..\ThirdParty\mbedtls\library\pkcs12.c">
      <Filter>FreeRTOS+\mbedtls\library</Filter>
    </ClCompile>
    <ClCompile Include="..\..\..\..\ThirdParty\mbedtls\library\pkcs5.c">
      <Filter>FreeRTOS+\mbedtls\library</Filter>
    </ClCompile>
    <ClCompile Include="..\..\..\..\ThirdParty\mbedtls\library\pkparse.c">
      <Filter>FreeRTOS+\mbedtls\library</Filter>
    </ClCompile>
    <ClCompile Include="..\..\..\..\ThirdParty\mbedtls\library\pkwrite.c">
      <Filter>FreeRTOS+\mbedtls\library</Filter>
    </ClCompile>
    <ClCompile Include="..\..\..\..\ThirdParty\mbedtls\library\pk_wrap.c">
      <Filter>FreeRTOS+\mbedtls\library</Filter>
    </ClCompile>
    <ClCompile Include="..\..\..\..\ThirdParty\mbedtls\library\platform.c">
      <Filter>FreeRTOS+\mbedtls\library</Filter>
    </ClCompile>
    <ClCompile Include="..\..\..\..\ThirdParty\mbedtls\library\platform_util.c">
      <Filter>FreeRTOS+\mbedtls\library</Filter>
    </ClCompile>
    <ClCompile Include="..\..\..\..\ThirdParty\mbedtls\library\poly1305.c">
      <Filter>FreeRTOS+\mbedtls\library</Filter>
    </ClCompile>
    <ClCompile Include="..\..\..\..\ThirdParty\mbedtls\library\psa_crypto.c">
      <Filter>FreeRTOS+\mbedtls\library</Filter>
    </ClCompile>
    <ClCompile Include="..\..\..\..\ThirdParty\mbedtls\library\psa_crypto_aead.c">
      <Filter>FreeRTOS+\mbedtls\library</Filter>
    </ClCompile>
    <ClCompile Include="..\..\..\..\ThirdParty\mbedtls\library\psa_crypto_cipher.c">
      <Filter>FreeRTOS+\mbedtls\library</Filter>
    </ClCompile>
    <ClCompile Include="..\..\..\..\ThirdParty\mbedtls\library\psa_crypto_client.c">
      <Filter>FreeRTOS+\mbedtls\library</Filter>
    </ClCompile>
    <ClCompile Include="..\..\..\..\ThirdParty\mbedtls\library\psa_crypto_driver_wrappers.c">
      <Filter>FreeRTOS+\mbedtls\library</Filter>
    </ClCompile>
    <ClCompile Include="..\..\..\..\ThirdParty\mbedtls\library\psa_crypto_ecp.c">
      <Filter>FreeRTOS+\mbedtls\library</Filter>
    </ClCompile>
    <ClCompile Include="..\..\..\..\ThirdParty\mbedtls\library\psa_crypto_hash.c">
      <Filter>FreeRTOS+\mbedtls\library</Filter>
    </ClCompile>
    <ClCompile Include="..\..\..\..\ThirdParty\mbedtls\library\psa_crypto_mac.c">
      <Filter>FreeRTOS+\mbedtls\library</Filter>
    </ClCompile>
    <ClCompile Include="..\..\..\..\ThirdParty\mbedtls\library\psa_crypto_rsa.c">
      <Filter>FreeRTOS+\mbedtls\library</Filter>
    </ClCompile>
    <ClCompile Include="..\..\..\..\ThirdParty\mbedtls\library\psa_crypto_se.c">
      <Filter>FreeRTOS+\mbedtls\library</Filter>
    </ClCompile>
    <ClCompile Include="..\..\..\..\ThirdParty\mbedtls\library\psa_crypto_slot_management.c">
      <Filter>FreeRTOS+\mbedtls\library</Filter>
    </ClCompile>
    <ClCompile Include="..\..\..\..\ThirdParty\mbedtls\library\psa_crypto_storage.c">
      <Filter>FreeRTOS+\mbedtls\library</Filter>
    </ClCompile>
    <ClCompile Include="..\..\..\..\ThirdParty\mbedtls\library\psa_its_file.c">
      <Filter>FreeRTOS+\mbedtls\library</Filter>
    </ClCompile>
    <ClCompile Include="..\..\..\..\ThirdParty\mbedtls\library\ripemd160.c">
      <Filter>FreeRTOS+\mbedtls\library</Filter>
    </ClCompile>
    <ClCompile Include="..\..\..\..\ThirdParty\mbedtls\library\rsa.c">
      <Filter>FreeRTOS+\mbedtls\library</Filter>
    </ClCompile>
    <ClCompile Include="..\..\..\..\ThirdParty\mbedtls\library\rsa_internal.c">
      <Filter>FreeRTOS+\mbedtls\library</Filter>
    </ClCompile>
    <ClCompile Include="..\..\..\..\ThirdParty\mbedtls\library\sha1.c">
      <Filter>FreeRTOS+\mbedtls\library</Filter>
    </ClCompile>
    <ClCompile Include="..\..\..\..\ThirdParty\mbedtls\library\sha256.c">
      <Filter>FreeRTOS+\mbedtls\library</Filter>
    </ClCompile>
    <ClCompile Include="..\..\..\..\ThirdParty\mbedtls\library\sha512.c">
      <Filter>FreeRTOS+\mbedtls\library</Filter>
    </ClCompile>
    <ClCompile Include="..\..\..\..\ThirdParty\mbedtls\library\ssl_cache.c">
      <Filter>FreeRTOS+\mbedtls\library</Filter>
    </ClCompile>
    <ClCompile Include="..\..\..\..\ThirdParty\mbedtls\library\ssl_ciphersuites.c">
      <Filter>FreeRTOS+\mbedtls\library</Filter>
    </ClCompile>
    <ClCompile Include="..\..\..\..\ThirdParty\mbedtls\library\ssl_cli.c">
      <Filter>FreeRTOS+\mbedtls\library</Filter>
    </ClCompile>
    <ClCompile Include="..\..\..\..\ThirdParty\mbedtls\library\ssl_cookie.c">
      <Filter>FreeRTOS+\mbedtls\library</Filter>
    </ClCompile>
    <ClCompile Include="..\..\..\..\ThirdParty\mbedtls\library\ssl_msg.c">
      <Filter>FreeRTOS+\mbedtls\library</Filter>
    </ClCompile>
    <ClCompile Include="..\..\..\..\ThirdParty\mbedtls\library\ssl_srv.c">
      <Filter>FreeRTOS+\mbedtls\library</Filter>
    </ClCompile>
    <ClCompile Include="..\..\..\..\ThirdParty\mbedtls\library\ssl_ticket.c">
      <Filter>FreeRTOS+\mbedtls\library</Filter>
    </ClCompile>
    <ClCompile Include="..\..\..\..\ThirdParty\mbedtls\library\ssl_tls.c">
      <Filter>FreeRTOS+\mbedtls\library</Filter>
    </ClCompile>
    <ClCompile Include="..\..\..\..\ThirdParty\mbedtls\library\ssl_tls13_keys.c">
      <Filter>FreeRTOS+\mbedtls\library</Filter>
    </ClCompile>
    <ClCompile Include="..\..\..\..\ThirdParty\mbedtls\library\threading.c">
      <Filter>FreeRTOS+\mbedtls\library</Filter>
    </ClCompile>
    <ClCompile Include="..\..\..\..\ThirdParty\mbedtls\library\timing.c">
      <Filter>FreeRTOS+\mbedtls\library</Filter>
    </ClCompile>
    <ClCompile Include="..\..\..\..\ThirdParty\mbedtls\library\version.c">
      <Filter>FreeRTOS+\mbedtls\library</Filter>
    </ClCompile>
    <ClCompile Include="..\..\..\..\ThirdParty\mbedtls\library\version_features.c">
      <Filter>FreeRTOS+\mbedtls\library</Filter>
    </ClCompile>
    <ClCompile Include="..\..\..\..\ThirdParty\mbedtls\library\x509.c">
      <Filter>FreeRTOS+\mbedtls\library</Filter>
    </ClCompile>
    <ClCompile Include="..\..\..\..\ThirdParty\mbedtls\library\x509write_crt.c">
      <Filter>FreeRTOS+\mbedtls\library</Filter>
    </ClCompile>
    <ClCompile Include="..\..\..\..\ThirdParty\mbedtls\library\x509write_csr.c">
      <Filter>FreeRTOS+\mbedtls\library</Filter>
    </ClCompile>
    <ClCompile Include="..\..\..\..\ThirdParty\mbedtls\library\x509_create.c">
      <Filter>FreeRTOS+\mbedtls\library</Filter>
    </ClCompile>
    <ClCompile Include="..\..\..\..\ThirdParty\mbedtls\library\x509_crl.c">
      <Filter>FreeRTOS+\mbedtls\library</Filter>
    </ClCompile>
    <ClCompile Include="..\..\..\..\ThirdParty\mbedtls\library\x509_crt.c">
      <Filter>FreeRTOS+\mbedtls\library</Filter>
    </ClCompile>
    <ClCompile Include="..\..\..\..\ThirdParty\mbedtls\library\x509_csr.c">
      <Filter>FreeRTOS+\mbedtls\library</Filter>
    </ClCompile>
    <ClCompile Include="..\..\..\..\ThirdParty\mbedtls\library\xtea.c">
      <Filter>FreeRTOS+\mbedtls\library</Filter>
    </ClCompile>
    <ClCompile Include="..\..\..\..\Source\coreJSON\source\core_json.c">
      <Filter>FreeRTOS+\FreeRTOS IoT Libraries\standard\coreJSON</Filter>
    </ClCompile>
    <ClCompile Include="..\..\Mqtt_Demo_Helpers\mqtt_demo_helpers.c" />
    <ClCompile Include="DemoTasks\DefenderDemoExample.c">
      <Filter>DemoTasks</Filter>
    </ClCompile>
    <ClCompile Include="metrics_collector.c" />
    <ClCompile Include="report_builder.c" />
    <ClCompile Include="main.c" />
    <ClCompile Include="..\..\..\..\Source\AWS\device-defender\source\defender.c">
      <Filter>FreeRTOS+\FreeRTOS IoT Libraries\AWS\device-defender</Filter>
    </ClCompile>
    <ClCompile Include="..\..\..\..\Source\FreeRTOS-Plus-TCP\tools\tcp_utilities\tcp_netstat.c">
      <Filter>FreeRTOS+\FreeRTOS+TCP\tcp_utilities</Filter>
    </ClCompile>
    <ClCompile Include="..\..\..\..\Source\Application-Protocols\coreMQTT\source\core_mqtt.c">
      <Filter>FreeRTOS+\FreeRTOS IoT Libraries\standard\coreMQTT</Filter>
    </ClCompile>
    <ClCompile Include="..\..\..\..\Source\Application-Protocols\coreMQTT\source\core_mqtt_serializer.c">
      <Filter>FreeRTOS+\FreeRTOS IoT Libraries\standard\coreMQTT</Filter>
    </ClCompile>
    <ClCompile Include="..\..\..\..\Source\Application-Protocols\coreMQTT\source\core_mqtt_state.c">
      <Filter>FreeRTOS+\FreeRTOS IoT Libraries\standard\coreMQTT</Filter>
    </ClCompile>
    <ClCompile Include="..\..\..\..\..\FreeRTOS-Plus\Demo\Common\Logging\windows\Logging_WinSim.c" />
    <ClCompile Include="..\..\..\..\Source\Utilities\mbedtls_freertos\mbedtls_bio_freertos_plus_tcp.c">
      <Filter>FreeRTOS+\FreeRTOS IoT Libraries\platform\mbedtls</Filter>
    </ClCompile>
    <ClCompile Include="..\..\..\..\Source\Application-Protocols\network_transport\sockets_wrapper\freertos_plus_tcp\sockets_wrapper.c">
      <Filter>FreeRTOS+\FreeRTOS IoT Libraries\platform\transport</Filter>
    </ClCompile>
    <ClCompile Include="..\..\..\..\Source\Application-Protocols\network_transport\using_mbedtls\using_mbedtls.c">
      <Filter>FreeRTOS+\FreeRTOS IoT Libraries\platform\transport</Filter>
    </ClCompile>
  </ItemGroup>
  <ItemGroup>
    <ClInclude Include="..\..\..\..\..\FreeRTOS-Plus\Source\FreeRTOS-Plus-TCP\include\NetworkInterface.h">
      <Filter>FreeRTOS+\FreeRTOS+TCP\include</Filter>
    </ClInclude>
    <ClInclude Include="..\..\..\..\..\FreeRTOS-Plus\Source\FreeRTOS-Plus-TCP\include\FreeRTOS_DNS.h">
      <Filter>FreeRTOS+\FreeRTOS+TCP\include</Filter>
    </ClInclude>
    <ClInclude Include="..\..\..\..\..\FreeRTOS-Plus\Source\FreeRTOS-Plus-TCP\include\FreeRTOS_Sockets.h">
      <Filter>FreeRTOS+\FreeRTOS+TCP\include</Filter>
    </ClInclude>
    <ClInclude Include="..\..\..\..\..\FreeRTOS-Plus\Source\FreeRTOS-Plus-TCP\include\FreeRTOS_UDP_IP.h">
      <Filter>FreeRTOS+\FreeRTOS+TCP\include</Filter>
    </ClInclude>
    <ClInclude Include="..\..\..\..\..\FreeRTOS\Source\include\timers.h">
      <Filter>FreeRTOS\Source\include</Filter>
    </ClInclude>
    <ClInclude Include="..\..\..\..\..\FreeRTOS\Source\include\event_groups.h">
      <Filter>FreeRTOS\Source\include</Filter>
    </ClInclude>
    <ClInclude Include="..\..\..\..\..\FreeRTOS\Source\include\FreeRTOS.h">
      <Filter>FreeRTOS\Source\include</Filter>
    </ClInclude>
    <ClInclude Include="..\..\..\..\..\FreeRTOS\Source\include\queue.h">
      <Filter>FreeRTOS\Source\include</Filter>
    </ClInclude>
    <ClInclude Include="..\..\..\..\..\FreeRTOS\Source\include\semphr.h">
      <Filter>FreeRTOS\Source\include</Filter>
    </ClInclude>
    <ClInclude Include="..\..\..\..\..\FreeRTOS\Source\include\task.h">
      <Filter>FreeRTOS\Source\include</Filter>
    </ClInclude>
    <ClInclude Include="..\..\..\..\..\FreeRTOS\Source\portable\MSVC-MingW\portmacro.h">
      <Filter>FreeRTOS\Source\include</Filter>
    </ClInclude>
    <ClInclude Include="..\..\..\..\..\FreeRTOS-Plus\Source\FreeRTOS-Plus-TCP\include\FreeRTOS_IP_Private.h">
      <Filter>FreeRTOS+\FreeRTOS+TCP\include</Filter>
    </ClInclude>
    <ClInclude Include="..\..\..\..\..\FreeRTOS-Plus\Source\FreeRTOS-Plus-TCP\include\NetworkBufferManagement.h">
      <Filter>FreeRTOS+\FreeRTOS+TCP\include</Filter>
    </ClInclude>
    <ClInclude Include="..\..\..\..\..\FreeRTOS-Plus\Source\FreeRTOS-Plus-TCP\include\FreeRTOS_ARP.h">
      <Filter>FreeRTOS+\FreeRTOS+TCP\include</Filter>
    </ClInclude>
    <ClInclude Include="..\..\..\..\..\FreeRTOS-Plus\Source\FreeRTOS-Plus-TCP\include\FreeRTOS_DHCP.h">
      <Filter>FreeRTOS+\FreeRTOS+TCP\include</Filter>
    </ClInclude>
    <ClInclude Include="..\..\..\..\..\FreeRTOS-Plus\Source\FreeRTOS-Plus-TCP\include\FreeRTOS_IP.h">
      <Filter>FreeRTOS+\FreeRTOS+TCP\include</Filter>
    </ClInclude>
    <ClInclude Include="..\..\..\..\..\FreeRTOS-Plus\Source\FreeRTOS-Plus-TCP\include\FreeRTOS_TCP_IP.h">
      <Filter>FreeRTOS+\FreeRTOS+TCP\include</Filter>
    </ClInclude>
    <ClInclude Include="..\..\..\..\..\FreeRTOS-Plus\Source\FreeRTOS-Plus-TCP\include\FreeRTOS_TCP_WIN.h">
      <Filter>FreeRTOS+\FreeRTOS+TCP\include</Filter>
    </ClInclude>
    <ClInclude Include="..\..\..\..\..\FreeRTOS-Plus\Source\FreeRTOS-Plus-TCP\include\FreeRTOSIPConfigDefaults.h">
      <Filter>FreeRTOS+\FreeRTOS+TCP\include</Filter>
    </ClInclude>
    <ClInclude Include="..\..\..\..\..\FreeRTOS-Plus\Source\FreeRTOS-Plus-TCP\include\IPTraceMacroDefaults.h">
      <Filter>FreeRTOS+\FreeRTOS+TCP\include</Filter>
    </ClInclude>
    <ClInclude Include="..\..\..\..\..\FreeRTOS-Plus\Source\FreeRTOS-Plus-TCP\include\FreeRTOS_Stream_Buffer.h">
      <Filter>FreeRTOS+\FreeRTOS+TCP\include</Filter>
    </ClInclude>
    <ClInclude Include="..\..\..\..\..\FreeRTOS\Source\include\portable.h">
      <Filter>FreeRTOS\Source\include</Filter>
    </ClInclude>
    <ClInclude Include="..\..\..\..\..\FreeRTOS\Source\include\projdefs.h">
      <Filter>FreeRTOS\Source\include</Filter>
    </ClInclude>
    <ClInclude Include="..\..\..\..\Source\Application-Protocols\coreMQTT\source\include\core_mqtt_serializer.h">
      <Filter>FreeRTOS+\FreeRTOS IoT Libraries\standard\coreMQTT\include</Filter>
    </ClInclude>
    <ClInclude Include="..\..\..\..\Source\Application-Protocols\coreMQTT\source\include\core_mqtt_state.h">
      <Filter>FreeRTOS+\FreeRTOS IoT Libraries\standard\coreMQTT\include</Filter>
    </ClInclude>
    <ClInclude Include="..\..\..\..\Source\Application-Protocols\coreMQTT\source\include\core_mqtt.h">
      <Filter>FreeRTOS+\FreeRTOS IoT Libraries\standard\coreMQTT\include</Filter>
    </ClInclude>
    <ClInclude Include="..\..\..\..\Source\Application-Protocols\coreMQTT\source\interface\transport_interface.h">
      <Filter>FreeRTOS+\FreeRTOS IoT Libraries\platform</Filter>
    </ClInclude>
    <ClInclude Include="..\..\..\..\ThirdParty\mbedtls\include\mbedtls\error.h">
      <Filter>FreeRTOS+\FreeRTOS IoT Libraries\platform\mbedtls</Filter>
    </ClInclude>
    <ClInclude Include="..\..\..\..\Source\Utilities\mbedtls_freertos\threading_alt.h">
      <Filter>FreeRTOS+\FreeRTOS IoT Libraries\platform\mbedtls</Filter>
    </ClInclude>
    <ClInclude Include="..\..\..\..\ThirdParty\mbedtls\include\mbedtls\aes.h">
      <Filter>FreeRTOS+\mbedtls\include</Filter>
    </ClInclude>
    <ClInclude Include="..\..\..\..\ThirdParty\mbedtls\include\mbedtls\aesni.h">
      <Filter>FreeRTOS+\mbedtls\include</Filter>
    </ClInclude>
    <ClInclude Include="..\..\..\..\ThirdParty\mbedtls\include\mbedtls\arc4.h">
      <Filter>FreeRTOS+\mbedtls\include</Filter>
    </ClInclude>
    <ClInclude Include="..\..\..\..\ThirdParty\mbedtls\include\mbedtls\aria.h">
      <Filter>FreeRTOS+\mbedtls\include</Filter>
    </ClInclude>
    <ClInclude Include="..\..\..\..\ThirdParty\mbedtls\include\mbedtls\asn1.h">
      <Filter>FreeRTOS+\mbedtls\include</Filter>
    </ClInclude>
    <ClInclude Include="..\..\..\..\ThirdParty\mbedtls\include\mbedtls\asn1write.h">
      <Filter>FreeRTOS+\mbedtls\include</Filter>
    </ClInclude>
    <ClInclude Include="..\..\..\..\ThirdParty\mbedtls\include\mbedtls\base64.h">
      <Filter>FreeRTOS+\mbedtls\include</Filter>
    </ClInclude>
    <ClInclude Include="..\..\..\..\ThirdParty\mbedtls\include\mbedtls\bignum.h">
      <Filter>FreeRTOS+\mbedtls\include</Filter>
    </ClInclude>
    <ClInclude Include="..\..\..\..\ThirdParty\mbedtls\include\mbedtls\blowfish.h">
      <Filter>FreeRTOS+\mbedtls\include</Filter>
    </ClInclude>
    <ClInclude Include="..\..\..\..\ThirdParty\mbedtls\include\mbedtls\bn_mul.h">
      <Filter>FreeRTOS+\mbedtls\include</Filter>
    </ClInclude>
    <ClInclude Include="..\..\..\..\ThirdParty\mbedtls\include\mbedtls\camellia.h">
      <Filter>FreeRTOS+\mbedtls\include</Filter>
    </ClInclude>
    <ClInclude Include="..\..\..\..\ThirdParty\mbedtls\include\mbedtls\ccm.h">
      <Filter>FreeRTOS+\mbedtls\include</Filter>
    </ClInclude>
    <ClInclude Include="..\..\..\..\ThirdParty\mbedtls\include\mbedtls\certs.h">
      <Filter>FreeRTOS+\mbedtls\include</Filter>
    </ClInclude>
    <ClInclude Include="..\..\..\..\ThirdParty\mbedtls\include\mbedtls\chacha20.h">
      <Filter>FreeRTOS+\mbedtls\include</Filter>
    </ClInclude>
    <ClInclude Include="..\..\..\..\ThirdParty\mbedtls\include\mbedtls\chachapoly.h">
      <Filter>FreeRTOS+\mbedtls\include</Filter>
    </ClInclude>
    <ClInclude Include="..\..\..\..\ThirdParty\mbedtls\include\mbedtls\check_config.h">
      <Filter>FreeRTOS+\mbedtls\include</Filter>
    </ClInclude>
    <ClInclude Include="..\..\..\..\ThirdParty\mbedtls\include\mbedtls\cipher.h">
      <Filter>FreeRTOS+\mbedtls\include</Filter>
    </ClInclude>
    <ClInclude Include="..\..\..\..\ThirdParty\mbedtls\include\mbedtls\cipher_internal.h">
      <Filter>FreeRTOS+\mbedtls\include</Filter>
    </ClInclude>
    <ClInclude Include="..\..\..\..\ThirdParty\mbedtls\include\mbedtls\cmac.h">
      <Filter>FreeRTOS+\mbedtls\include</Filter>
    </ClInclude>
    <ClInclude Include="..\..\..\..\ThirdParty\mbedtls\include\mbedtls\compat-1.3.h">
      <Filter>FreeRTOS+\mbedtls\include</Filter>
    </ClInclude>
    <ClInclude Include="..\..\..\..\ThirdParty\mbedtls\include\mbedtls\config.h">
      <Filter>FreeRTOS+\mbedtls\include</Filter>
    </ClInclude>
    <ClInclude Include="..\..\..\..\ThirdParty\mbedtls\include\mbedtls\ctr_drbg.h">
      <Filter>FreeRTOS+\mbedtls\include</Filter>
    </ClInclude>
    <ClInclude Include="..\..\..\..\ThirdParty\mbedtls\include\mbedtls\debug.h">
      <Filter>FreeRTOS+\mbedtls\include</Filter>
    </ClInclude>
    <ClInclude Include="..\..\..\..\ThirdParty\mbedtls\include\mbedtls\des.h">
      <Filter>FreeRTOS+\mbedtls\include</Filter>
    </ClInclude>
    <ClInclude Include="..\..\..\..\ThirdParty\mbedtls\include\mbedtls\dhm.h">
      <Filter>FreeRTOS+\mbedtls\include</Filter>
    </ClInclude>
    <ClInclude Include="..\..\..\..\ThirdParty\mbedtls\include\mbedtls\ecdh.h">
      <Filter>FreeRTOS+\mbedtls\include</Filter>
    </ClInclude>
    <ClInclude Include="..\..\..\..\ThirdParty\mbedtls\include\mbedtls\ecdsa.h">
      <Filter>FreeRTOS+\mbedtls\include</Filter>
    </ClInclude>
    <ClInclude Include="..\..\..\..\ThirdParty\mbedtls\include\mbedtls\ecjpake.h">
      <Filter>FreeRTOS+\mbedtls\include</Filter>
    </ClInclude>
    <ClInclude Include="..\..\..\..\ThirdParty\mbedtls\include\mbedtls\ecp.h">
      <Filter>FreeRTOS+\mbedtls\include</Filter>
    </ClInclude>
    <ClInclude Include="..\..\..\..\ThirdParty\mbedtls\include\mbedtls\ecp_internal.h">
      <Filter>FreeRTOS+\mbedtls\include</Filter>
    </ClInclude>
    <ClInclude Include="..\..\..\..\ThirdParty\mbedtls\include\mbedtls\entropy.h">
      <Filter>FreeRTOS+\mbedtls\include</Filter>
    </ClInclude>
    <ClInclude Include="..\..\..\..\ThirdParty\mbedtls\include\mbedtls\entropy_poll.h">
      <Filter>FreeRTOS+\mbedtls\include</Filter>
    </ClInclude>
    <ClInclude Include="..\..\..\..\ThirdParty\mbedtls\include\mbedtls\error.h">
      <Filter>FreeRTOS+\mbedtls\include</Filter>
    </ClInclude>
    <ClInclude Include="..\..\..\..\ThirdParty\mbedtls\include\mbedtls\gcm.h">
      <Filter>FreeRTOS+\mbedtls\include</Filter>
    </ClInclude>
    <ClInclude Include="..\..\..\..\ThirdParty\mbedtls\include\mbedtls\havege.h">
      <Filter>FreeRTOS+\mbedtls\include</Filter>
    </ClInclude>
    <ClInclude Include="..\..\..\..\ThirdParty\mbedtls\include\mbedtls\hkdf.h">
      <Filter>FreeRTOS+\mbedtls\include</Filter>
    </ClInclude>
    <ClInclude Include="..\..\..\..\ThirdParty\mbedtls\include\mbedtls\hmac_drbg.h">
      <Filter>FreeRTOS+\mbedtls\include</Filter>
    </ClInclude>
    <ClInclude Include="..\..\..\..\ThirdParty\mbedtls\include\mbedtls\md.h">
      <Filter>FreeRTOS+\mbedtls\include</Filter>
    </ClInclude>
    <ClInclude Include="..\..\..\..\ThirdParty\mbedtls\include\mbedtls\md2.h">
      <Filter>FreeRTOS+\mbedtls\include</Filter>
    </ClInclude>
    <ClInclude Include="..\..\..\..\ThirdParty\mbedtls\include\mbedtls\md4.h">
      <Filter>FreeRTOS+\mbedtls\include</Filter>
    </ClInclude>
    <ClInclude Include="..\..\..\..\ThirdParty\mbedtls\include\mbedtls\md5.h">
      <Filter>FreeRTOS+\mbedtls\include</Filter>
    </ClInclude>
    <ClInclude Include="..\..\..\..\ThirdParty\mbedtls\include\mbedtls\md_internal.h">
      <Filter>FreeRTOS+\mbedtls\include</Filter>
    </ClInclude>
    <ClInclude Include="..\..\..\..\ThirdParty\mbedtls\include\mbedtls\memory_buffer_alloc.h">
      <Filter>FreeRTOS+\mbedtls\include</Filter>
    </ClInclude>
    <ClInclude Include="..\..\..\..\ThirdParty\mbedtls\include\mbedtls\net.h">
      <Filter>FreeRTOS+\mbedtls\include</Filter>
    </ClInclude>
    <ClInclude Include="..\..\..\..\ThirdParty\mbedtls\include\mbedtls\net_sockets.h">
      <Filter>FreeRTOS+\mbedtls\include</Filter>
    </ClInclude>
    <ClInclude Include="..\..\..\..\ThirdParty\mbedtls\include\mbedtls\nist_kw.h">
      <Filter>FreeRTOS+\mbedtls\include</Filter>
    </ClInclude>
    <ClInclude Include="..\..\..\..\ThirdParty\mbedtls\include\mbedtls\oid.h">
      <Filter>FreeRTOS+\mbedtls\include</Filter>
    </ClInclude>
    <ClInclude Include="..\..\..\..\ThirdParty\mbedtls\include\mbedtls\padlock.h">
      <Filter>FreeRTOS+\mbedtls\include</Filter>
    </ClInclude>
    <ClInclude Include="..\..\..\..\ThirdParty\mbedtls\include\mbedtls\pem.h">
      <Filter>FreeRTOS+\mbedtls\include</Filter>
    </ClInclude>
    <ClInclude Include="..\..\..\..\ThirdParty\mbedtls\include\mbedtls\pk.h">
      <Filter>FreeRTOS+\mbedtls\include</Filter>
    </ClInclude>
    <ClInclude Include="..\..\..\..\ThirdParty\mbedtls\include\mbedtls\pkcs11.h">
      <Filter>FreeRTOS+\mbedtls\include</Filter>
    </ClInclude>
    <ClInclude Include="..\..\..\..\ThirdParty\mbedtls\include\mbedtls\pkcs12.h">
      <Filter>FreeRTOS+\mbedtls\include</Filter>
    </ClInclude>
    <ClInclude Include="..\..\..\..\ThirdParty\mbedtls\include\mbedtls\pkcs5.h">
      <Filter>FreeRTOS+\mbedtls\include</Filter>
    </ClInclude>
    <ClInclude Include="..\..\..\..\ThirdParty\mbedtls\include\mbedtls\pk_internal.h">
      <Filter>FreeRTOS+\mbedtls\include</Filter>
    </ClInclude>
    <ClInclude Include="..\..\..\..\ThirdParty\mbedtls\include\mbedtls\platform.h">
      <Filter>FreeRTOS+\mbedtls\include</Filter>
    </ClInclude>
    <ClInclude Include="..\..\..\..\ThirdParty\mbedtls\include\mbedtls\platform_time.h">
      <Filter>FreeRTOS+\mbedtls\include</Filter>
    </ClInclude>
    <ClInclude Include="..\..\..\..\ThirdParty\mbedtls\include\mbedtls\platform_util.h">
      <Filter>FreeRTOS+\mbedtls\include</Filter>
    </ClInclude>
    <ClInclude Include="..\..\..\..\ThirdParty\mbedtls\include\mbedtls\poly1305.h">
      <Filter>FreeRTOS+\mbedtls\include</Filter>
    </ClInclude>
    <ClInclude Include="..\..\..\..\ThirdParty\mbedtls\include\mbedtls\psa_util.h">
      <Filter>FreeRTOS+\mbedtls\include</Filter>
    </ClInclude>
    <ClInclude Include="..\..\..\..\ThirdParty\mbedtls\include\mbedtls\ripemd160.h">
      <Filter>FreeRTOS+\mbedtls\include</Filter>
    </ClInclude>
    <ClInclude Include="..\..\..\..\ThirdParty\mbedtls\include\mbedtls\rsa.h">
      <Filter>FreeRTOS+\mbedtls\include</Filter>
    </ClInclude>
    <ClInclude Include="..\..\..\..\ThirdParty\mbedtls\include\mbedtls\rsa_internal.h">
      <Filter>FreeRTOS+\mbedtls\include</Filter>
    </ClInclude>
    <ClInclude Include="..\..\..\..\ThirdParty\mbedtls\include\mbedtls\sha1.h">
      <Filter>FreeRTOS+\mbedtls\include</Filter>
    </ClInclude>
    <ClInclude Include="..\..\..\..\ThirdParty\mbedtls\include\mbedtls\sha256.h">
      <Filter>FreeRTOS+\mbedtls\include</Filter>
    </ClInclude>
    <ClInclude Include="..\..\..\..\ThirdParty\mbedtls\include\mbedtls\sha512.h">
      <Filter>FreeRTOS+\mbedtls\include</Filter>
    </ClInclude>
    <ClInclude Include="..\..\..\..\ThirdParty\mbedtls\include\mbedtls\ssl.h">
      <Filter>FreeRTOS+\mbedtls\include</Filter>
    </ClInclude>
    <ClInclude Include="..\..\..\..\ThirdParty\mbedtls\include\mbedtls\ssl_cache.h">
      <Filter>FreeRTOS+\mbedtls\include</Filter>
    </ClInclude>
    <ClInclude Include="..\..\..\..\ThirdParty\mbedtls\include\mbedtls\ssl_ciphersuites.h">
      <Filter>FreeRTOS+\mbedtls\include</Filter>
    </ClInclude>
    <ClInclude Include="..\..\..\..\ThirdParty\mbedtls\include\mbedtls\ssl_cookie.h">
      <Filter>FreeRTOS+\mbedtls\include</Filter>
    </ClInclude>
    <ClInclude Include="..\..\..\..\ThirdParty\mbedtls\include\mbedtls\ssl_internal.h">
      <Filter>FreeRTOS+\mbedtls\include</Filter>
    </ClInclude>
    <ClInclude Include="..\..\..\..\ThirdParty\mbedtls\include\mbedtls\ssl_ticket.h">
      <Filter>FreeRTOS+\mbedtls\include</Filter>
    </ClInclude>
    <ClInclude Include="..\..\..\..\ThirdParty\mbedtls\include\mbedtls\threading.h">
      <Filter>FreeRTOS+\mbedtls\include</Filter>
    </ClInclude>
    <ClInclude Include="..\..\..\..\ThirdParty\mbedtls\include\mbedtls\timing.h">
      <Filter>FreeRTOS+\mbedtls\include</Filter>
    </ClInclude>
    <ClInclude Include="..\..\..\..\ThirdParty\mbedtls\include\mbedtls\version.h">
      <Filter>FreeRTOS+\mbedtls\include</Filter>
    </ClInclude>
    <ClInclude Include="..\..\..\..\ThirdParty\mbedtls\include\mbedtls\x509.h">
      <Filter>FreeRTOS+\mbedtls\include</Filter>
    </ClInclude>
    <ClInclude Include="..\..\..\..\ThirdParty\mbedtls\include\mbedtls\x509_crl.h">
      <Filter>FreeRTOS+\mbedtls\include</Filter>
    </ClInclude>
    <ClInclude Include="..\..\..\..\ThirdParty\mbedtls\include\mbedtls\x509_crt.h">
      <Filter>FreeRTOS+\mbedtls\include</Filter>
    </ClInclude>
    <ClInclude Include="..\..\..\..\ThirdParty\mbedtls\include\mbedtls\x509_csr.h">
      <Filter>FreeRTOS+\mbedtls\include</Filter>
    </ClInclude>
    <ClInclude Include="..\..\..\..\ThirdParty\mbedtls\include\mbedtls\xtea.h">
      <Filter>FreeRTOS+\mbedtls\include</Filter>
    </ClInclude>
    <ClInclude Include="metrics_collector.h" />
    <ClInclude Include="report_builder.h" />
    <ClInclude Include="..\..\Mqtt_Demo_Helpers\mqtt_demo_helpers.h" />
    <ClInclude Include="..\..\..\..\Source\AWS\device-defender\source\include\defender.h">
      <Filter>FreeRTOS+\FreeRTOS IoT Libraries\AWS\device-defender\include</Filter>
    </ClInclude>
    <ClInclude Include="..\..\..\..\Source\AWS\device-defender\source\include\defender_config_defaults.h">
      <Filter>FreeRTOS+\FreeRTOS IoT Libraries\AWS\device-defender\include</Filter>
    </ClInclude>
    <ClInclude Include="core_mqtt_config.h">
      <Filter>Config</Filter>
    </ClInclude>
    <ClInclude Include="defender_config.h">
      <Filter>Config</Filter>
    </ClInclude>
    <ClInclude Include="demo_config.h">
      <Filter>Config</Filter>
    </ClInclude>
    <ClInclude Include="FreeRTOSConfig.h">
      <Filter>Config</Filter>
    </ClInclude>
    <ClInclude Include="FreeRTOSIPConfig.h">
      <Filter>Config</Filter>
    </ClInclude>
    <ClInclude Include="..\..\..\..\Source\FreeRTOS-Plus-TCP\tools\tcp_utilities\include\tcp_netstat.h">
      <Filter>FreeRTOS+\FreeRTOS+TCP\tcp_utilities\include</Filter>
    </ClInclude>
    <ClInclude Include="mbedtls_config.h">
      <Filter>Config</Filter>
    </ClInclude>
    <ClInclude Include="..\..\..\..\..\FreeRTOS-Plus\Source\Utilities\logging\logging.h">
      <Filter>FreeRTOS+\FreeRTOS IoT Libraries\platform\logging</Filter>
    </ClInclude>
    <ClInclude Include="..\..\..\..\..\FreeRTOS-Plus\Source\Utilities\logging\logging_levels.h">
      <Filter>FreeRTOS+\FreeRTOS IoT Libraries\platform\logging</Filter>
    </ClInclude>
    <ClInclude Include="..\..\..\..\..\FreeRTOS-Plus\Source\Utilities\logging\logging_stack.h">
      <Filter>FreeRTOS+\FreeRTOS IoT Libraries\platform\logging</Filter>
    </ClInclude>
    <ClInclude Include="..\..\..\..\Source\Application-Protocols\coreMQTT\source\include\core_mqtt_config_defaults.h">
      <Filter>FreeRTOS+\FreeRTOS IoT Libraries\standard\coreMQTT\include</Filter>
    </ClInclude>
    <ClInclude Include="..\..\..\..\Source\Utilities\backoff_algorithm\source\include\backoff_algorithm.h">
      <Filter>FreeRTOS+\FreeRTOS IoT Libraries\platform\backoff_algorithm\include</Filter>
    </ClInclude>
    <ClInclude Include="..\..\..\..\Source\FreeRTOS-Plus-TCP\include\FreeRTOS_errno_TCP.h">
      <Filter>FreeRTOS+\FreeRTOS+TCP\include</Filter>
    </ClInclude>
    <ClInclude Include="..\..\..\..\Source\coreJSON\source\include\core_json.h">
      <Filter>FreeRTOS+\FreeRTOS IoT Libraries\standard\coreJSON\include</Filter>
    </ClInclude>
    <ClInclude Include="..\..\..\..\Source\Application-Protocols\network_transport\sockets_wrapper\freertos_plus_tcp\sockets_wrapper.h">
      <Filter>FreeRTOS+\FreeRTOS IoT Libraries\platform\transport\include</Filter>
    </ClInclude>
    <ClInclude Include="..\..\..\..\Source\Application-Protocols\network_transport\using_mbedtls\using_mbedtls.h">
      <Filter>FreeRTOS+\FreeRTOS IoT Libraries\platform\transport\include</Filter>
    </ClInclude>
  </ItemGroup>
</Project>